
Microsoft Visual Studio Solution File, Format Version 12.00
# Visual Studio 14
VisualStudioVersion = 14.0.24720.0
MinimumVisualStudioVersion = 10.0.40219.1
Project("{FAE04EC0-301F-11D3-BF4B-00C04F79EFBC}") = "ESBtoxFile", "ESBtoxFile\ESBtoxFile.csproj", "{5E6E197F-19C1-4272-BD8A-3920669AF1C2}"
EndProject
Project("{FAE04EC0-301F-11D3-BF4B-00C04F79EFBC}") = "IRAP.Global", "..\..\Global\IRAP.Global\IRAP.Global.csproj", "{325FFD07-7491-45C3-86F3-85F7DEF4C726}"
EndProject
Project("{FAE04EC0-301F-11D3-BF4B-00C04F79EFBC}") = "IRAP.AutoUpgrade", "..\..\Client\IRAP.AutoUpgrade\IRAP.AutoUpgrade.csproj", "{036BC7F7-B2FC-4D50-A99F-326C112D8C19}"
EndProject
Project("{FAE04EC0-301F-11D3-BF4B-00C04F79EFBC}") = "IRAP.Client.Global.Resources", "..\..\Client\IRAP.Client.Global.Resources\IRAP.Client.Global.Resources.csproj", "{64D9DD02-3DA4-4E11-B696-F13A4D178A63}"
EndProject
Global
	GlobalSection(SolutionConfigurationPlatforms) = preSolution
		Debug|Any CPU = Debug|Any CPU
		Release|Any CPU = Release|Any CPU
	EndGlobalSection
	GlobalSection(ProjectConfigurationPlatforms) = postSolution
		{5E6E197F-19C1-4272-BD8A-3920669AF1C2}.Debug|Any CPU.ActiveCfg = Debug|Any CPU
		{5E6E197F-19C1-4272-BD8A-3920669AF1C2}.Debug|Any CPU.Build.0 = Debug|Any CPU
		{5E6E197F-19C1-4272-BD8A-3920669AF1C2}.Release|Any CPU.ActiveCfg = Release|Any CPU
		{5E6E197F-19C1-4272-BD8A-3920669AF1C2}.Release|Any CPU.Build.0 = Release|Any CPU
		{325FFD07-7491-45C3-86F3-85F7DEF4C726}.Debug|Any CPU.ActiveCfg = Debug|Any CPU
		{325FFD07-7491-45C3-86F3-85F7DEF4C726}.Debug|Any CPU.Build.0 = Debug|Any CPU
		{325FFD07-7491-45C3-86F3-85F7DEF4C726}.Release|Any CPU.ActiveCfg = Release|Any CPU
		{325FFD07-7491-45C3-86F3-85F7DEF4C726}.Release|Any CPU.Build.0 = Release|Any CPU
		{036BC7F7-B2FC-4D50-A99F-326C112D8C19}.Debug|Any CPU.ActiveCfg = Debug|Any CPU
		{036BC7F7-B2FC-4D50-A99F-326C112D8C19}.Debug|Any CPU.Build.0 = Debug|Any CPU
		{036BC7F7-B2FC-4D50-A99F-326C112D8C19}.Release|Any CPU.ActiveCfg = Release|Any CPU
		{036BC7F7-B2FC-4D50-A99F-326C112D8C19}.Release|Any CPU.Build.0 = Release|Any CPU
		{64D9DD02-3DA4-4E11-B696-F13A4D178A63}.Debug|Any CPU.ActiveCfg = Debug|Any CPU
		{64D9DD02-3DA4-4E11-B696-F13A4D178A63}.Debug|Any CPU.Build.0 = Debug|Any CPU
		{64D9DD02-3DA4-4E11-B696-F13A4D178A63}.Release|Any CPU.ActiveCfg = Release|Any CPU
		{64D9DD02-3DA4-4E11-B696-F13A4D178A63}.Release|Any CPU.Build.0 = Release|Any CPU
	EndGlobalSection
	GlobalSection(SolutionProperties) = preSolution
		HideSolutionNode = FALSE
	EndGlobalSection
EndGlobal
