
Microsoft Visual Studio Solution File, Format Version 12.00
# Visual Studio 14
VisualStudioVersion = 14.0.24720.0
MinimumVisualStudioVersion = 10.0.40219.1
Project("{FAE04EC0-301F-11D3-BF4B-00C04F79EFBC}") = "IRAPShared", "..\Global\IRAPShared\IRAPShared.csproj", "{AF165361-FE05-4CC9-9D94-CA98C4A74AB0}"
EndProject
Project("{FAE04EC0-301F-11D3-BF4B-00C04F79EFBC}") = "IRAP-FVS_MDVO", "IRAP-FVS_MDVO\IRAP-FVS_MDVO.csproj", "{496C4B10-A04C-44D5-B4ED-3AA9A99AD064}"
EndProject
Project("{FAE04EC0-301F-11D3-BF4B-00C04F79EFBC}") = "IRAP.AutoUpgrade", "IRAP.AutoUpgrade\IRAP.AutoUpgrade.csproj", "{036BC7F7-B2FC-4D50-A99F-326C112D8C19}"
EndProject
Project("{FAE04EC0-301F-11D3-BF4B-00C04F79EFBC}") = "IRAP.Client.Global.Resources", "IRAP.Client.Global.Resources\IRAP.Client.Global.Resources.csproj", "{64D9DD02-3DA4-4E11-B696-F13A4D178A63}"
EndProject
Project("{FAE04EC0-301F-11D3-BF4B-00C04F79EFBC}") = "IRAP.Global", "..\Global\IRAP.Global\IRAP.Global.csproj", "{325FFD07-7491-45C3-86F3-85F7DEF4C726}"
EndProject
Project("{FAE04EC0-301F-11D3-BF4B-00C04F79EFBC}") = "IRAP.Entity.SSO", "..\Server\IRAP.Entities\IRAP.Entity.SSO\IRAP.Entity.SSO.csproj", "{DA96959D-CDD1-4533-B5E8-CF235C2D1C61}"
EndProject
Project("{FAE04EC0-301F-11D3-BF4B-00C04F79EFBC}") = "IRAP.WCF.Client.Method", "IRAP.WCF.Client.Method\IRAP.WCF.Client.Method.csproj", "{6F4AD952-871C-4594-BBE7-8C7EA61B63BE}"
EndProject
Project("{FAE04EC0-301F-11D3-BF4B-00C04F79EFBC}") = "IRAP.Entity.Kanban", "..\Server\IRAP.Entities\IRAP.Entity.Kanban\IRAP.Entity.Kanban.csproj", "{38588300-33DF-457A-936A-D0D0CA499E96}"
EndProject
Project("{FAE04EC0-301F-11D3-BF4B-00C04F79EFBC}") = "IRAP.Entity.MDM", "..\Server\IRAP.Entities\IRAP.Entity.MDM\IRAP.Entity.MDM.csproj", "{5FEB6CB3-68C9-4E06-814B-C071743BF5A2}"
EndProject
Project("{FAE04EC0-301F-11D3-BF4B-00C04F79EFBC}") = "IRAP.WCF.Client", "IRAP.WCF.Client\IRAP.WCF.Client.csproj", "{476669B5-14C9-4754-A83B-343783807749}"
EndProject
Global
	GlobalSection(SolutionConfigurationPlatforms) = preSolution
		Debug|Any CPU = Debug|Any CPU
		Debug|x86 = Debug|x86
		Release|Any CPU = Release|Any CPU
		Release|x86 = Release|x86
	EndGlobalSection
	GlobalSection(ProjectConfigurationPlatforms) = postSolution
		{AF165361-FE05-4CC9-9D94-CA98C4A74AB0}.Debug|Any CPU.ActiveCfg = Debug|Any CPU
		{AF165361-FE05-4CC9-9D94-CA98C4A74AB0}.Debug|Any CPU.Build.0 = Debug|Any CPU
		{AF165361-FE05-4CC9-9D94-CA98C4A74AB0}.Debug|x86.ActiveCfg = Debug|Any CPU
		{AF165361-FE05-4CC9-9D94-CA98C4A74AB0}.Debug|x86.Build.0 = Debug|Any CPU
		{AF165361-FE05-4CC9-9D94-CA98C4A74AB0}.Release|Any CPU.ActiveCfg = Release|Any CPU
		{AF165361-FE05-4CC9-9D94-CA98C4A74AB0}.Release|Any CPU.Build.0 = Release|Any CPU
		{AF165361-FE05-4CC9-9D94-CA98C4A74AB0}.Release|x86.ActiveCfg = Release|Any CPU
		{AF165361-FE05-4CC9-9D94-CA98C4A74AB0}.Release|x86.Build.0 = Release|Any CPU
		{496C4B10-A04C-44D5-B4ED-3AA9A99AD064}.Debug|Any CPU.ActiveCfg = Debug|Any CPU
		{496C4B10-A04C-44D5-B4ED-3AA9A99AD064}.Debug|Any CPU.Build.0 = Debug|Any CPU
		{496C4B10-A04C-44D5-B4ED-3AA9A99AD064}.Debug|x86.ActiveCfg = Debug|Any CPU
		{496C4B10-A04C-44D5-B4ED-3AA9A99AD064}.Debug|x86.Build.0 = Debug|Any CPU
		{496C4B10-A04C-44D5-B4ED-3AA9A99AD064}.Release|Any CPU.ActiveCfg = Release|Any CPU
		{496C4B10-A04C-44D5-B4ED-3AA9A99AD064}.Release|Any CPU.Build.0 = Release|Any CPU
		{496C4B10-A04C-44D5-B4ED-3AA9A99AD064}.Release|x86.ActiveCfg = Release|Any CPU
		{496C4B10-A04C-44D5-B4ED-3AA9A99AD064}.Release|x86.Build.0 = Release|Any CPU
		{036BC7F7-B2FC-4D50-A99F-326C112D8C19}.Debug|Any CPU.ActiveCfg = Debug|Any CPU
		{036BC7F7-B2FC-4D50-A99F-326C112D8C19}.Debug|Any CPU.Build.0 = Debug|Any CPU
		{036BC7F7-B2FC-4D50-A99F-326C112D8C19}.Debug|x86.ActiveCfg = Debug|Any CPU
		{036BC7F7-B2FC-4D50-A99F-326C112D8C19}.Debug|x86.Build.0 = Debug|Any CPU
		{036BC7F7-B2FC-4D50-A99F-326C112D8C19}.Release|Any CPU.ActiveCfg = Release|Any CPU
		{036BC7F7-B2FC-4D50-A99F-326C112D8C19}.Release|Any CPU.Build.0 = Release|Any CPU
		{036BC7F7-B2FC-4D50-A99F-326C112D8C19}.Release|x86.ActiveCfg = Release|Any CPU
		{036BC7F7-B2FC-4D50-A99F-326C112D8C19}.Release|x86.Build.0 = Release|Any CPU
		{64D9DD02-3DA4-4E11-B696-F13A4D178A63}.Debug|Any CPU.ActiveCfg = Debug|Any CPU
		{64D9DD02-3DA4-4E11-B696-F13A4D178A63}.Debug|Any CPU.Build.0 = Debug|Any CPU
		{64D9DD02-3DA4-4E11-B696-F13A4D178A63}.Debug|x86.ActiveCfg = Debug|Any CPU
		{64D9DD02-3DA4-4E11-B696-F13A4D178A63}.Debug|x86.Build.0 = Debug|Any CPU
		{64D9DD02-3DA4-4E11-B696-F13A4D178A63}.Release|Any CPU.ActiveCfg = Release|Any CPU
		{64D9DD02-3DA4-4E11-B696-F13A4D178A63}.Release|Any CPU.Build.0 = Release|Any CPU
		{64D9DD02-3DA4-4E11-B696-F13A4D178A63}.Release|x86.ActiveCfg = Release|Any CPU
		{64D9DD02-3DA4-4E11-B696-F13A4D178A63}.Release|x86.Build.0 = Release|Any CPU
		{325FFD07-7491-45C3-86F3-85F7DEF4C726}.Debug|Any CPU.ActiveCfg = Debug|Any CPU
		{325FFD07-7491-45C3-86F3-85F7DEF4C726}.Debug|Any CPU.Build.0 = Debug|Any CPU
		{325FFD07-7491-45C3-86F3-85F7DEF4C726}.Debug|x86.ActiveCfg = Debug|Any CPU
		{325FFD07-7491-45C3-86F3-85F7DEF4C726}.Debug|x86.Build.0 = Debug|Any CPU
		{325FFD07-7491-45C3-86F3-85F7DEF4C726}.Release|Any CPU.ActiveCfg = Release|Any CPU
		{325FFD07-7491-45C3-86F3-85F7DEF4C726}.Release|Any CPU.Build.0 = Release|Any CPU
		{325FFD07-7491-45C3-86F3-85F7DEF4C726}.Release|x86.ActiveCfg = Release|Any CPU
		{325FFD07-7491-45C3-86F3-85F7DEF4C726}.Release|x86.Build.0 = Release|Any CPU
		{DA96959D-CDD1-4533-B5E8-CF235C2D1C61}.Debug|Any CPU.ActiveCfg = Debug|Any CPU
		{DA96959D-CDD1-4533-B5E8-CF235C2D1C61}.Debug|Any CPU.Build.0 = Debug|Any CPU
		{DA96959D-CDD1-4533-B5E8-CF235C2D1C61}.Debug|x86.ActiveCfg = Debug|Any CPU
		{DA96959D-CDD1-4533-B5E8-CF235C2D1C61}.Debug|x86.Build.0 = Debug|Any CPU
		{DA96959D-CDD1-4533-B5E8-CF235C2D1C61}.Release|Any CPU.ActiveCfg = Release|Any CPU
		{DA96959D-CDD1-4533-B5E8-CF235C2D1C61}.Release|Any CPU.Build.0 = Release|Any CPU
		{DA96959D-CDD1-4533-B5E8-CF235C2D1C61}.Release|x86.ActiveCfg = Release|Any CPU
		{DA96959D-CDD1-4533-B5E8-CF235C2D1C61}.Release|x86.Build.0 = Release|Any CPU
		{6F4AD952-871C-4594-BBE7-8C7EA61B63BE}.Debug|Any CPU.ActiveCfg = Debug|Any CPU
		{6F4AD952-871C-4594-BBE7-8C7EA61B63BE}.Debug|Any CPU.Build.0 = Debug|Any CPU
		{6F4AD952-871C-4594-BBE7-8C7EA61B63BE}.Debug|x86.ActiveCfg = Debug|Any CPU
		{6F4AD952-871C-4594-BBE7-8C7EA61B63BE}.Debug|x86.Build.0 = Debug|Any CPU
		{6F4AD952-871C-4594-BBE7-8C7EA61B63BE}.Release|Any CPU.ActiveCfg = Release|Any CPU
		{6F4AD952-871C-4594-BBE7-8C7EA61B63BE}.Release|Any CPU.Build.0 = Release|Any CPU
		{6F4AD952-871C-4594-BBE7-8C7EA61B63BE}.Release|x86.ActiveCfg = Release|Any CPU
		{6F4AD952-871C-4594-BBE7-8C7EA61B63BE}.Release|x86.Build.0 = Release|Any CPU
		{38588300-33DF-457A-936A-D0D0CA499E96}.Debug|Any CPU.ActiveCfg = Debug|Any CPU
		{38588300-33DF-457A-936A-D0D0CA499E96}.Debug|Any CPU.Build.0 = Debug|Any CPU
		{38588300-33DF-457A-936A-D0D0CA499E96}.Debug|x86.ActiveCfg = Debug|Any CPU
		{38588300-33DF-457A-936A-D0D0CA499E96}.Debug|x86.Build.0 = Debug|Any CPU
		{38588300-33DF-457A-936A-D0D0CA499E96}.Release|Any CPU.ActiveCfg = Release|Any CPU
		{38588300-33DF-457A-936A-D0D0CA499E96}.Release|Any CPU.Build.0 = Release|Any CPU
		{38588300-33DF-457A-936A-D0D0CA499E96}.Release|x86.ActiveCfg = Release|Any CPU
		{38588300-33DF-457A-936A-D0D0CA499E96}.Release|x86.Build.0 = Release|Any CPU
		{5FEB6CB3-68C9-4E06-814B-C071743BF5A2}.Debug|Any CPU.ActiveCfg = Debug|Any CPU
		{5FEB6CB3-68C9-4E06-814B-C071743BF5A2}.Debug|Any CPU.Build.0 = Debug|Any CPU
		{5FEB6CB3-68C9-4E06-814B-C071743BF5A2}.Debug|x86.ActiveCfg = Debug|Any CPU
		{5FEB6CB3-68C9-4E06-814B-C071743BF5A2}.Debug|x86.Build.0 = Debug|Any CPU
		{5FEB6CB3-68C9-4E06-814B-C071743BF5A2}.Release|Any CPU.ActiveCfg = Release|Any CPU
		{5FEB6CB3-68C9-4E06-814B-C071743BF5A2}.Release|Any CPU.Build.0 = Release|Any CPU
		{5FEB6CB3-68C9-4E06-814B-C071743BF5A2}.Release|x86.ActiveCfg = Release|Any CPU
		{5FEB6CB3-68C9-4E06-814B-C071743BF5A2}.Release|x86.Build.0 = Release|Any CPU
		{476669B5-14C9-4754-A83B-343783807749}.Debug|Any CPU.ActiveCfg = Debug|Any CPU
		{476669B5-14C9-4754-A83B-343783807749}.Debug|Any CPU.Build.0 = Debug|Any CPU
		{476669B5-14C9-4754-A83B-343783807749}.Debug|x86.ActiveCfg = Debug|Any CPU
		{476669B5-14C9-4754-A83B-343783807749}.Debug|x86.Build.0 = Debug|Any CPU
		{476669B5-14C9-4754-A83B-343783807749}.Release|Any CPU.ActiveCfg = Release|Any CPU
		{476669B5-14C9-4754-A83B-343783807749}.Release|Any CPU.Build.0 = Release|Any CPU
		{476669B5-14C9-4754-A83B-343783807749}.Release|x86.ActiveCfg = Release|Any CPU
		{476669B5-14C9-4754-A83B-343783807749}.Release|x86.Build.0 = Release|Any CPU
	EndGlobalSection
	GlobalSection(SolutionProperties) = preSolution
		HideSolutionNode = FALSE
	EndGlobalSection
EndGlobal
