
Microsoft Visual Studio Solution File, Format Version 12.00
# Visual Studio 14
VisualStudioVersion = 14.0.24720.0
MinimumVisualStudioVersion = 10.0.40219.1
Project("{FAE04EC0-301F-11D3-BF4B-00C04F79EFBC}") = "IRAP.Client.User", "IRAP.Client.User\IRAP.Client.User.csproj", "{9B2D1970-A6A8-4CC8-8E8E-8B6454B5BCCF}"
EndProject
Project("{FAE04EC0-301F-11D3-BF4B-00C04F79EFBC}") = "IRAP.Entity.SSO", "..\Server\IRAP.Entities\IRAP.Entity.SSO\IRAP.Entity.SSO.csproj", "{DA96959D-CDD1-4533-B5E8-CF235C2D1C61}"
EndProject
Project("{FAE04EC0-301F-11D3-BF4B-00C04F79EFBC}") = "IRAP.WCF.Client", "IRAP.WCF.Client\IRAP.WCF.Client.csproj", "{476669B5-14C9-4754-A83B-343783807749}"
EndProject
Project("{FAE04EC0-301F-11D3-BF4B-00C04F79EFBC}") = "IRAPShared", "..\Global\IRAPShared\IRAPShared.csproj", "{AF165361-FE05-4CC9-9D94-CA98C4A74AB0}"
EndProject
Project("{FAE04EC0-301F-11D3-BF4B-00C04F79EFBC}") = "IRAP.WCF.Client.Method", "IRAP.WCF.Client.Method\IRAP.WCF.Client.Method.csproj", "{6F4AD952-871C-4594-BBE7-8C7EA61B63BE}"
EndProject
Project("{FAE04EC0-301F-11D3-BF4B-00C04F79EFBC}") = "IRAPMain", "IRAPMain\IRAPMain.csproj", "{640374AC-5A1D-4FA1-8FA5-3DE593279D93}"
EndProject
Project("{FAE04EC0-301F-11D3-BF4B-00C04F79EFBC}") = "IRAP.Client.Global", "IRAP.Client.Global\IRAP.Client.Global.csproj", "{A4B73531-9E93-4C64-AAE2-A6CDF064C9F5}"
EndProject
Project("{FAE04EC0-301F-11D3-BF4B-00C04F79EFBC}") = "IRAP.Client.Global.GUI", "IRAP.Client.Global.GUI\IRAP.Client.Global.GUI.csproj", "{66EE090D-3D17-4CC0-9A7B-05EA2124A30B}"
EndProject
Project("{FAE04EC0-301F-11D3-BF4B-00C04F79EFBC}") = "IRAP.Entity.Kanban", "..\Server\IRAP.Entities\IRAP.Entity.Kanban\IRAP.Entity.Kanban.csproj", "{38588300-33DF-457A-936A-D0D0CA499E96}"
EndProject
Project("{FAE04EC0-301F-11D3-BF4B-00C04F79EFBC}") = "IRAP.Client.Global.Resources", "IRAP.Client.Global.Resources\IRAP.Client.Global.Resources.csproj", "{64D9DD02-3DA4-4E11-B696-F13A4D178A63}"
EndProject
Project("{FAE04EC0-301F-11D3-BF4B-00C04F79EFBC}") = "IRAP.Client.GUI.APS", "GUI\IRAP.Client.GUI.APS\IRAP.Client.GUI.APS.csproj", "{5288DB1F-3902-4C52-8E31-2AA2FA66E94A}"
EndProject
Project("{FAE04EC0-301F-11D3-BF4B-00C04F79EFBC}") = "IRAP.Client.GUI.MDM", "GUI\IRAP.Client.GUI.MDM\IRAP.Client.GUI.MDM.csproj", "{3B686077-7CBF-4F95-98C5-9AFDD6F01FE4}"
EndProject
Project("{FAE04EC0-301F-11D3-BF4B-00C04F79EFBC}") = "IRAP.Components.WorkFlow", "Components\IRAP.Components.WorkFlow\IRAP.Components.WorkFlow.csproj", "{E0051661-1E25-4B4F-98AE-5142FA7D084A}"
EndProject
Project("{FAE04EC0-301F-11D3-BF4B-00C04F79EFBC}") = "IRAP.Entity.MDM", "..\Server\IRAP.Entities\IRAP.Entity.MDM\IRAP.Entity.MDM.csproj", "{5FEB6CB3-68C9-4E06-814B-C071743BF5A2}"
EndProject
Project("{FAE04EC0-301F-11D3-BF4B-00C04F79EFBC}") = "IRAP.Client.GUI.MESPDC", "GUI\IRAP.Client.GUI.MESPDC\IRAP.Client.GUI.MESPDC.csproj", "{0D5F3A99-2460-482A-AA57-5A2BE82995D4}"
EndProject
Project("{FAE04EC0-301F-11D3-BF4B-00C04F79EFBC}") = "IRAP.AutoUpgrade", "IRAP.AutoUpgrade\IRAP.AutoUpgrade.csproj", "{036BC7F7-B2FC-4D50-A99F-326C112D8C19}"
EndProject
Project("{FAE04EC0-301F-11D3-BF4B-00C04F79EFBC}") = "IRAP.Global", "..\Global\IRAP.Global\IRAP.Global.csproj", "{325FFD07-7491-45C3-86F3-85F7DEF4C726}"
EndProject
Project("{FAE04EC0-301F-11D3-BF4B-00C04F79EFBC}") = "IRAP.Client.GUI.SCES", "GUI\IRAP.Client.GUI.SCES\IRAP.Client.GUI.SCES.csproj", "{DBCBD6D5-AB96-4853-9286-AAA767BD1E60}"
EndProject
Project("{FAE04EC0-301F-11D3-BF4B-00C04F79EFBC}") = "IRAP.Client.GUI.CAS", "GUI\IRAP.Client.GUI.CAS\IRAP.Client.GUI.CAS.csproj", "{4ED848F8-CE8D-4CBA-8F9D-BC6D499ADC31}"
EndProject
Project("{FAE04EC0-301F-11D3-BF4B-00C04F79EFBC}") = "IRAP.Entity.FVS", "..\Server\IRAP.Entities\IRAP.Entity.FVS\IRAP.Entity.FVS.csproj", "{08EFFF76-A5D1-4C39-972D-D9C85BDED80F}"
EndProject
Project("{FAE04EC0-301F-11D3-BF4B-00C04F79EFBC}") = "IRAP.Entity.MES", "..\Server\IRAP.Entities\IRAP.Entity.MES\IRAP.Entity.MES.csproj", "{C78CDB3F-F78A-4C17-B5C8-E2E88A0A5947}"
EndProject
Project("{FAE04EC0-301F-11D3-BF4B-00C04F79EFBC}") = "IRAP.Client.GUI.MESRMM", "GUI\IRAP.Client.GUI.MESRMM\IRAP.Client.GUI.MESRMM.csproj", "{A9CA1211-B841-4A5C-BBCA-AAC80D865F9E}"
EndProject
Project("{FAE04EC0-301F-11D3-BF4B-00C04F79EFBC}") = "IRAP.Entities", "..\Server\IRAP.Entities\IRAP.Entities\IRAP.Entities.csproj", "{A10EB27E-6444-44AD-B5FB-2C8F96C04225}"
EndProject
Project("{FAE04EC0-301F-11D3-BF4B-00C04F79EFBC}") = "IRAP.Client.SubSystem", "IRAP.Client.SubSystem\IRAP.Client.SubSystem.csproj", "{6CB866DC-64BF-4B72-A5D8-81767B077AA2}"
EndProject
Project("{FAE04EC0-301F-11D3-BF4B-00C04F79EFBC}") = "StationRegister", "..\Tools\StationRegister\StationRegister.csproj", "{9FF56F23-F80E-4D8E-A800-36BFE11AB233}"
EndProject
Project("{FAE04EC0-301F-11D3-BF4B-00C04F79EFBC}") = "IRAP.Client.GUI.FVS", "GUI\IRAP.Client.GUI.FVS\IRAP.Client.GUI.FVS.csproj", "{93E55367-3534-4AF4-ABF9-B15A50B84DD2}"
EndProject
Project("{FAE04EC0-301F-11D3-BF4B-00C04F79EFBC}") = "IRAP.Client.GUI.MESRPC", "GUI\IRAP.Client.GUI.MESRPC\IRAP.Client.GUI.MESRPC.csproj", "{4C5867D4-09AD-4A6A-94F6-C2429FF969F7}"
EndProject
Project("{FAE04EC0-301F-11D3-BF4B-00C04F79EFBC}") = "IRAP.Client.GUI.BatchSystem", "GUI\IRAP.Client.GUI.BatchSystem\IRAP.Client.GUI.BatchSystem.csproj", "{8031FC6C-EC69-4ECD-BC89-8039DD691602}"
EndProject
Project("{FAE04EC0-301F-11D3-BF4B-00C04F79EFBC}") = "IRAP.Client.GUI.AsimcoPrdtPackage", "GUI\IRAP.Client.GUI.AsimcoPrdtPackage\IRAP.Client.GUI.AsimcoPrdtPackage.csproj", "{AE738987-8F4D-435D-83D7-0C2C85E49E0A}"
EndProject
Global
	GlobalSection(SolutionConfigurationPlatforms) = preSolution
		Debug|Any CPU = Debug|Any CPU
		Debug|x86 = Debug|x86
		Release|Any CPU = Release|Any CPU
		Release|x86 = Release|x86
	EndGlobalSection
	GlobalSection(ProjectConfigurationPlatforms) = postSolution
		{9B2D1970-A6A8-4CC8-8E8E-8B6454B5BCCF}.Debug|Any CPU.ActiveCfg = Debug|Any CPU
		{9B2D1970-A6A8-4CC8-8E8E-8B6454B5BCCF}.Debug|Any CPU.Build.0 = Debug|Any CPU
		{9B2D1970-A6A8-4CC8-8E8E-8B6454B5BCCF}.Debug|x86.ActiveCfg = Debug|Any CPU
		{9B2D1970-A6A8-4CC8-8E8E-8B6454B5BCCF}.Debug|x86.Build.0 = Debug|Any CPU
		{9B2D1970-A6A8-4CC8-8E8E-8B6454B5BCCF}.Release|Any CPU.ActiveCfg = Release|Any CPU
		{9B2D1970-A6A8-4CC8-8E8E-8B6454B5BCCF}.Release|Any CPU.Build.0 = Release|Any CPU
		{9B2D1970-A6A8-4CC8-8E8E-8B6454B5BCCF}.Release|x86.ActiveCfg = Release|Any CPU
		{9B2D1970-A6A8-4CC8-8E8E-8B6454B5BCCF}.Release|x86.Build.0 = Release|Any CPU
		{DA96959D-CDD1-4533-B5E8-CF235C2D1C61}.Debug|Any CPU.ActiveCfg = Debug|Any CPU
		{DA96959D-CDD1-4533-B5E8-CF235C2D1C61}.Debug|Any CPU.Build.0 = Debug|Any CPU
		{DA96959D-CDD1-4533-B5E8-CF235C2D1C61}.Debug|x86.ActiveCfg = Debug|Any CPU
		{DA96959D-CDD1-4533-B5E8-CF235C2D1C61}.Debug|x86.Build.0 = Debug|Any CPU
		{DA96959D-CDD1-4533-B5E8-CF235C2D1C61}.Release|Any CPU.ActiveCfg = Release|Any CPU
		{DA96959D-CDD1-4533-B5E8-CF235C2D1C61}.Release|Any CPU.Build.0 = Release|Any CPU
		{DA96959D-CDD1-4533-B5E8-CF235C2D1C61}.Release|x86.ActiveCfg = Release|Any CPU
		{DA96959D-CDD1-4533-B5E8-CF235C2D1C61}.Release|x86.Build.0 = Release|Any CPU
		{476669B5-14C9-4754-A83B-343783807749}.Debug|Any CPU.ActiveCfg = Debug|Any CPU
		{476669B5-14C9-4754-A83B-343783807749}.Debug|Any CPU.Build.0 = Debug|Any CPU
		{476669B5-14C9-4754-A83B-343783807749}.Debug|x86.ActiveCfg = Debug|Any CPU
		{476669B5-14C9-4754-A83B-343783807749}.Debug|x86.Build.0 = Debug|Any CPU
		{476669B5-14C9-4754-A83B-343783807749}.Release|Any CPU.ActiveCfg = Release|Any CPU
		{476669B5-14C9-4754-A83B-343783807749}.Release|Any CPU.Build.0 = Release|Any CPU
		{476669B5-14C9-4754-A83B-343783807749}.Release|x86.ActiveCfg = Release|Any CPU
		{476669B5-14C9-4754-A83B-343783807749}.Release|x86.Build.0 = Release|Any CPU
		{AF165361-FE05-4CC9-9D94-CA98C4A74AB0}.Debug|Any CPU.ActiveCfg = Debug|Any CPU
		{AF165361-FE05-4CC9-9D94-CA98C4A74AB0}.Debug|Any CPU.Build.0 = Debug|Any CPU
		{AF165361-FE05-4CC9-9D94-CA98C4A74AB0}.Debug|x86.ActiveCfg = Debug|Any CPU
		{AF165361-FE05-4CC9-9D94-CA98C4A74AB0}.Debug|x86.Build.0 = Debug|Any CPU
		{AF165361-FE05-4CC9-9D94-CA98C4A74AB0}.Release|Any CPU.ActiveCfg = Release|Any CPU
		{AF165361-FE05-4CC9-9D94-CA98C4A74AB0}.Release|Any CPU.Build.0 = Release|Any CPU
		{AF165361-FE05-4CC9-9D94-CA98C4A74AB0}.Release|x86.ActiveCfg = Release|Any CPU
		{AF165361-FE05-4CC9-9D94-CA98C4A74AB0}.Release|x86.Build.0 = Release|Any CPU
		{6F4AD952-871C-4594-BBE7-8C7EA61B63BE}.Debug|Any CPU.ActiveCfg = Debug|Any CPU
		{6F4AD952-871C-4594-BBE7-8C7EA61B63BE}.Debug|Any CPU.Build.0 = Debug|Any CPU
		{6F4AD952-871C-4594-BBE7-8C7EA61B63BE}.Debug|x86.ActiveCfg = Debug|Any CPU
		{6F4AD952-871C-4594-BBE7-8C7EA61B63BE}.Debug|x86.Build.0 = Debug|Any CPU
		{6F4AD952-871C-4594-BBE7-8C7EA61B63BE}.Release|Any CPU.ActiveCfg = Release|Any CPU
		{6F4AD952-871C-4594-BBE7-8C7EA61B63BE}.Release|Any CPU.Build.0 = Release|Any CPU
		{6F4AD952-871C-4594-BBE7-8C7EA61B63BE}.Release|x86.ActiveCfg = Release|Any CPU
		{6F4AD952-871C-4594-BBE7-8C7EA61B63BE}.Release|x86.Build.0 = Release|Any CPU
		{640374AC-5A1D-4FA1-8FA5-3DE593279D93}.Debug|Any CPU.ActiveCfg = Debug|x86
		{640374AC-5A1D-4FA1-8FA5-3DE593279D93}.Debug|Any CPU.Build.0 = Debug|x86
		{640374AC-5A1D-4FA1-8FA5-3DE593279D93}.Debug|x86.ActiveCfg = Debug|x86
		{640374AC-5A1D-4FA1-8FA5-3DE593279D93}.Debug|x86.Build.0 = Debug|x86
		{640374AC-5A1D-4FA1-8FA5-3DE593279D93}.Release|Any CPU.ActiveCfg = Release|x86
		{640374AC-5A1D-4FA1-8FA5-3DE593279D93}.Release|Any CPU.Build.0 = Release|x86
		{640374AC-5A1D-4FA1-8FA5-3DE593279D93}.Release|x86.ActiveCfg = Release|x86
		{640374AC-5A1D-4FA1-8FA5-3DE593279D93}.Release|x86.Build.0 = Release|x86
		{A4B73531-9E93-4C64-AAE2-A6CDF064C9F5}.Debug|Any CPU.ActiveCfg = Debug|Any CPU
		{A4B73531-9E93-4C64-AAE2-A6CDF064C9F5}.Debug|Any CPU.Build.0 = Debug|Any CPU
		{A4B73531-9E93-4C64-AAE2-A6CDF064C9F5}.Debug|x86.ActiveCfg = Debug|Any CPU
		{A4B73531-9E93-4C64-AAE2-A6CDF064C9F5}.Debug|x86.Build.0 = Debug|Any CPU
		{A4B73531-9E93-4C64-AAE2-A6CDF064C9F5}.Release|Any CPU.ActiveCfg = Release|Any CPU
		{A4B73531-9E93-4C64-AAE2-A6CDF064C9F5}.Release|Any CPU.Build.0 = Release|Any CPU
		{A4B73531-9E93-4C64-AAE2-A6CDF064C9F5}.Release|x86.ActiveCfg = Release|Any CPU
		{A4B73531-9E93-4C64-AAE2-A6CDF064C9F5}.Release|x86.Build.0 = Release|Any CPU
		{66EE090D-3D17-4CC0-9A7B-05EA2124A30B}.Debug|Any CPU.ActiveCfg = Debug|Any CPU
		{66EE090D-3D17-4CC0-9A7B-05EA2124A30B}.Debug|Any CPU.Build.0 = Debug|Any CPU
		{66EE090D-3D17-4CC0-9A7B-05EA2124A30B}.Debug|x86.ActiveCfg = Debug|Any CPU
		{66EE090D-3D17-4CC0-9A7B-05EA2124A30B}.Debug|x86.Build.0 = Debug|Any CPU
		{66EE090D-3D17-4CC0-9A7B-05EA2124A30B}.Release|Any CPU.ActiveCfg = Release|Any CPU
		{66EE090D-3D17-4CC0-9A7B-05EA2124A30B}.Release|Any CPU.Build.0 = Release|Any CPU
		{66EE090D-3D17-4CC0-9A7B-05EA2124A30B}.Release|x86.ActiveCfg = Release|Any CPU
		{66EE090D-3D17-4CC0-9A7B-05EA2124A30B}.Release|x86.Build.0 = Release|Any CPU
		{38588300-33DF-457A-936A-D0D0CA499E96}.Debug|Any CPU.ActiveCfg = Debug|Any CPU
		{38588300-33DF-457A-936A-D0D0CA499E96}.Debug|Any CPU.Build.0 = Debug|Any CPU
		{38588300-33DF-457A-936A-D0D0CA499E96}.Debug|x86.ActiveCfg = Debug|Any CPU
		{38588300-33DF-457A-936A-D0D0CA499E96}.Debug|x86.Build.0 = Debug|Any CPU
		{38588300-33DF-457A-936A-D0D0CA499E96}.Release|Any CPU.ActiveCfg = Release|Any CPU
		{38588300-33DF-457A-936A-D0D0CA499E96}.Release|Any CPU.Build.0 = Release|Any CPU
		{38588300-33DF-457A-936A-D0D0CA499E96}.Release|x86.ActiveCfg = Release|Any CPU
		{38588300-33DF-457A-936A-D0D0CA499E96}.Release|x86.Build.0 = Release|Any CPU
		{64D9DD02-3DA4-4E11-B696-F13A4D178A63}.Debug|Any CPU.ActiveCfg = Debug|Any CPU
		{64D9DD02-3DA4-4E11-B696-F13A4D178A63}.Debug|Any CPU.Build.0 = Debug|Any CPU
		{64D9DD02-3DA4-4E11-B696-F13A4D178A63}.Debug|x86.ActiveCfg = Debug|Any CPU
		{64D9DD02-3DA4-4E11-B696-F13A4D178A63}.Debug|x86.Build.0 = Debug|Any CPU
		{64D9DD02-3DA4-4E11-B696-F13A4D178A63}.Release|Any CPU.ActiveCfg = Release|Any CPU
		{64D9DD02-3DA4-4E11-B696-F13A4D178A63}.Release|Any CPU.Build.0 = Release|Any CPU
		{64D9DD02-3DA4-4E11-B696-F13A4D178A63}.Release|x86.ActiveCfg = Release|Any CPU
		{64D9DD02-3DA4-4E11-B696-F13A4D178A63}.Release|x86.Build.0 = Release|Any CPU
		{5288DB1F-3902-4C52-8E31-2AA2FA66E94A}.Debug|Any CPU.ActiveCfg = Debug|Any CPU
		{5288DB1F-3902-4C52-8E31-2AA2FA66E94A}.Debug|Any CPU.Build.0 = Debug|Any CPU
		{5288DB1F-3902-4C52-8E31-2AA2FA66E94A}.Debug|x86.ActiveCfg = Debug|Any CPU
		{5288DB1F-3902-4C52-8E31-2AA2FA66E94A}.Debug|x86.Build.0 = Debug|Any CPU
		{5288DB1F-3902-4C52-8E31-2AA2FA66E94A}.Release|Any CPU.ActiveCfg = Release|Any CPU
		{5288DB1F-3902-4C52-8E31-2AA2FA66E94A}.Release|Any CPU.Build.0 = Release|Any CPU
		{5288DB1F-3902-4C52-8E31-2AA2FA66E94A}.Release|x86.ActiveCfg = Release|Any CPU
		{5288DB1F-3902-4C52-8E31-2AA2FA66E94A}.Release|x86.Build.0 = Release|Any CPU
		{3B686077-7CBF-4F95-98C5-9AFDD6F01FE4}.Debug|Any CPU.ActiveCfg = Debug|Any CPU
		{3B686077-7CBF-4F95-98C5-9AFDD6F01FE4}.Debug|Any CPU.Build.0 = Debug|Any CPU
		{3B686077-7CBF-4F95-98C5-9AFDD6F01FE4}.Debug|x86.ActiveCfg = Debug|Any CPU
		{3B686077-7CBF-4F95-98C5-9AFDD6F01FE4}.Debug|x86.Build.0 = Debug|Any CPU
		{3B686077-7CBF-4F95-98C5-9AFDD6F01FE4}.Release|Any CPU.ActiveCfg = Release|Any CPU
		{3B686077-7CBF-4F95-98C5-9AFDD6F01FE4}.Release|Any CPU.Build.0 = Release|Any CPU
		{3B686077-7CBF-4F95-98C5-9AFDD6F01FE4}.Release|x86.ActiveCfg = Release|Any CPU
		{3B686077-7CBF-4F95-98C5-9AFDD6F01FE4}.Release|x86.Build.0 = Release|Any CPU
		{E0051661-1E25-4B4F-98AE-5142FA7D084A}.Debug|Any CPU.ActiveCfg = Debug|Any CPU
		{E0051661-1E25-4B4F-98AE-5142FA7D084A}.Debug|Any CPU.Build.0 = Debug|Any CPU
		{E0051661-1E25-4B4F-98AE-5142FA7D084A}.Debug|x86.ActiveCfg = Debug|Any CPU
		{E0051661-1E25-4B4F-98AE-5142FA7D084A}.Debug|x86.Build.0 = Debug|Any CPU
		{E0051661-1E25-4B4F-98AE-5142FA7D084A}.Release|Any CPU.ActiveCfg = Release|Any CPU
		{E0051661-1E25-4B4F-98AE-5142FA7D084A}.Release|Any CPU.Build.0 = Release|Any CPU
		{E0051661-1E25-4B4F-98AE-5142FA7D084A}.Release|x86.ActiveCfg = Release|Any CPU
		{E0051661-1E25-4B4F-98AE-5142FA7D084A}.Release|x86.Build.0 = Release|Any CPU
		{5FEB6CB3-68C9-4E06-814B-C071743BF5A2}.Debug|Any CPU.ActiveCfg = Debug|Any CPU
		{5FEB6CB3-68C9-4E06-814B-C071743BF5A2}.Debug|Any CPU.Build.0 = Debug|Any CPU
		{5FEB6CB3-68C9-4E06-814B-C071743BF5A2}.Debug|x86.ActiveCfg = Debug|Any CPU
		{5FEB6CB3-68C9-4E06-814B-C071743BF5A2}.Debug|x86.Build.0 = Debug|Any CPU
		{5FEB6CB3-68C9-4E06-814B-C071743BF5A2}.Release|Any CPU.ActiveCfg = Release|Any CPU
		{5FEB6CB3-68C9-4E06-814B-C071743BF5A2}.Release|Any CPU.Build.0 = Release|Any CPU
		{5FEB6CB3-68C9-4E06-814B-C071743BF5A2}.Release|x86.ActiveCfg = Release|Any CPU
		{5FEB6CB3-68C9-4E06-814B-C071743BF5A2}.Release|x86.Build.0 = Release|Any CPU
		{0D5F3A99-2460-482A-AA57-5A2BE82995D4}.Debug|Any CPU.ActiveCfg = Debug|Any CPU
		{0D5F3A99-2460-482A-AA57-5A2BE82995D4}.Debug|Any CPU.Build.0 = Debug|Any CPU
		{0D5F3A99-2460-482A-AA57-5A2BE82995D4}.Debug|x86.ActiveCfg = Debug|Any CPU
		{0D5F3A99-2460-482A-AA57-5A2BE82995D4}.Debug|x86.Build.0 = Debug|Any CPU
		{0D5F3A99-2460-482A-AA57-5A2BE82995D4}.Release|Any CPU.ActiveCfg = Release|Any CPU
		{0D5F3A99-2460-482A-AA57-5A2BE82995D4}.Release|Any CPU.Build.0 = Release|Any CPU
		{0D5F3A99-2460-482A-AA57-5A2BE82995D4}.Release|x86.ActiveCfg = Release|Any CPU
		{0D5F3A99-2460-482A-AA57-5A2BE82995D4}.Release|x86.Build.0 = Release|Any CPU
		{036BC7F7-B2FC-4D50-A99F-326C112D8C19}.Debug|Any CPU.ActiveCfg = Debug|Any CPU
		{036BC7F7-B2FC-4D50-A99F-326C112D8C19}.Debug|Any CPU.Build.0 = Debug|Any CPU
		{036BC7F7-B2FC-4D50-A99F-326C112D8C19}.Debug|x86.ActiveCfg = Debug|Any CPU
		{036BC7F7-B2FC-4D50-A99F-326C112D8C19}.Debug|x86.Build.0 = Debug|Any CPU
		{036BC7F7-B2FC-4D50-A99F-326C112D8C19}.Release|Any CPU.ActiveCfg = Release|Any CPU
		{036BC7F7-B2FC-4D50-A99F-326C112D8C19}.Release|Any CPU.Build.0 = Release|Any CPU
		{036BC7F7-B2FC-4D50-A99F-326C112D8C19}.Release|x86.ActiveCfg = Release|Any CPU
		{036BC7F7-B2FC-4D50-A99F-326C112D8C19}.Release|x86.Build.0 = Release|Any CPU
		{325FFD07-7491-45C3-86F3-85F7DEF4C726}.Debug|Any CPU.ActiveCfg = Debug|Any CPU
		{325FFD07-7491-45C3-86F3-85F7DEF4C726}.Debug|Any CPU.Build.0 = Debug|Any CPU
		{325FFD07-7491-45C3-86F3-85F7DEF4C726}.Debug|x86.ActiveCfg = Debug|Any CPU
		{325FFD07-7491-45C3-86F3-85F7DEF4C726}.Debug|x86.Build.0 = Debug|Any CPU
		{325FFD07-7491-45C3-86F3-85F7DEF4C726}.Release|Any CPU.ActiveCfg = Release|Any CPU
		{325FFD07-7491-45C3-86F3-85F7DEF4C726}.Release|Any CPU.Build.0 = Release|Any CPU
		{325FFD07-7491-45C3-86F3-85F7DEF4C726}.Release|x86.ActiveCfg = Release|Any CPU
		{325FFD07-7491-45C3-86F3-85F7DEF4C726}.Release|x86.Build.0 = Release|Any CPU
		{DBCBD6D5-AB96-4853-9286-AAA767BD1E60}.Debug|Any CPU.ActiveCfg = Debug|Any CPU
		{DBCBD6D5-AB96-4853-9286-AAA767BD1E60}.Debug|Any CPU.Build.0 = Debug|Any CPU
		{DBCBD6D5-AB96-4853-9286-AAA767BD1E60}.Debug|x86.ActiveCfg = Debug|Any CPU
		{DBCBD6D5-AB96-4853-9286-AAA767BD1E60}.Debug|x86.Build.0 = Debug|Any CPU
		{DBCBD6D5-AB96-4853-9286-AAA767BD1E60}.Release|Any CPU.ActiveCfg = Release|Any CPU
		{DBCBD6D5-AB96-4853-9286-AAA767BD1E60}.Release|Any CPU.Build.0 = Release|Any CPU
		{DBCBD6D5-AB96-4853-9286-AAA767BD1E60}.Release|x86.ActiveCfg = Release|Any CPU
		{DBCBD6D5-AB96-4853-9286-AAA767BD1E60}.Release|x86.Build.0 = Release|Any CPU
		{4ED848F8-CE8D-4CBA-8F9D-BC6D499ADC31}.Debug|Any CPU.ActiveCfg = Debug|Any CPU
		{4ED848F8-CE8D-4CBA-8F9D-BC6D499ADC31}.Debug|Any CPU.Build.0 = Debug|Any CPU
		{4ED848F8-CE8D-4CBA-8F9D-BC6D499ADC31}.Debug|x86.ActiveCfg = Debug|Any CPU
		{4ED848F8-CE8D-4CBA-8F9D-BC6D499ADC31}.Debug|x86.Build.0 = Debug|Any CPU
		{4ED848F8-CE8D-4CBA-8F9D-BC6D499ADC31}.Release|Any CPU.ActiveCfg = Release|Any CPU
		{4ED848F8-CE8D-4CBA-8F9D-BC6D499ADC31}.Release|Any CPU.Build.0 = Release|Any CPU
		{4ED848F8-CE8D-4CBA-8F9D-BC6D499ADC31}.Release|x86.ActiveCfg = Release|Any CPU
		{4ED848F8-CE8D-4CBA-8F9D-BC6D499ADC31}.Release|x86.Build.0 = Release|Any CPU
		{08EFFF76-A5D1-4C39-972D-D9C85BDED80F}.Debug|Any CPU.ActiveCfg = Debug|Any CPU
		{08EFFF76-A5D1-4C39-972D-D9C85BDED80F}.Debug|Any CPU.Build.0 = Debug|Any CPU
		{08EFFF76-A5D1-4C39-972D-D9C85BDED80F}.Debug|x86.ActiveCfg = Debug|Any CPU
		{08EFFF76-A5D1-4C39-972D-D9C85BDED80F}.Debug|x86.Build.0 = Debug|Any CPU
		{08EFFF76-A5D1-4C39-972D-D9C85BDED80F}.Release|Any CPU.ActiveCfg = Release|Any CPU
		{08EFFF76-A5D1-4C39-972D-D9C85BDED80F}.Release|Any CPU.Build.0 = Release|Any CPU
		{08EFFF76-A5D1-4C39-972D-D9C85BDED80F}.Release|x86.ActiveCfg = Release|Any CPU
		{08EFFF76-A5D1-4C39-972D-D9C85BDED80F}.Release|x86.Build.0 = Release|Any CPU
		{C78CDB3F-F78A-4C17-B5C8-E2E88A0A5947}.Debug|Any CPU.ActiveCfg = Debug|Any CPU
		{C78CDB3F-F78A-4C17-B5C8-E2E88A0A5947}.Debug|Any CPU.Build.0 = Debug|Any CPU
		{C78CDB3F-F78A-4C17-B5C8-E2E88A0A5947}.Debug|x86.ActiveCfg = Debug|Any CPU
		{C78CDB3F-F78A-4C17-B5C8-E2E88A0A5947}.Debug|x86.Build.0 = Debug|Any CPU
		{C78CDB3F-F78A-4C17-B5C8-E2E88A0A5947}.Release|Any CPU.ActiveCfg = Release|Any CPU
		{C78CDB3F-F78A-4C17-B5C8-E2E88A0A5947}.Release|Any CPU.Build.0 = Release|Any CPU
		{C78CDB3F-F78A-4C17-B5C8-E2E88A0A5947}.Release|x86.ActiveCfg = Release|Any CPU
		{C78CDB3F-F78A-4C17-B5C8-E2E88A0A5947}.Release|x86.Build.0 = Release|Any CPU
		{A9CA1211-B841-4A5C-BBCA-AAC80D865F9E}.Debug|Any CPU.ActiveCfg = Debug|Any CPU
		{A9CA1211-B841-4A5C-BBCA-AAC80D865F9E}.Debug|Any CPU.Build.0 = Debug|Any CPU
		{A9CA1211-B841-4A5C-BBCA-AAC80D865F9E}.Debug|x86.ActiveCfg = Debug|Any CPU
		{A9CA1211-B841-4A5C-BBCA-AAC80D865F9E}.Debug|x86.Build.0 = Debug|Any CPU
		{A9CA1211-B841-4A5C-BBCA-AAC80D865F9E}.Release|Any CPU.ActiveCfg = Release|Any CPU
		{A9CA1211-B841-4A5C-BBCA-AAC80D865F9E}.Release|Any CPU.Build.0 = Release|Any CPU
		{A9CA1211-B841-4A5C-BBCA-AAC80D865F9E}.Release|x86.ActiveCfg = Release|Any CPU
		{A9CA1211-B841-4A5C-BBCA-AAC80D865F9E}.Release|x86.Build.0 = Release|Any CPU
		{A10EB27E-6444-44AD-B5FB-2C8F96C04225}.Debug|Any CPU.ActiveCfg = Debug|Any CPU
		{A10EB27E-6444-44AD-B5FB-2C8F96C04225}.Debug|Any CPU.Build.0 = Debug|Any CPU
		{A10EB27E-6444-44AD-B5FB-2C8F96C04225}.Debug|x86.ActiveCfg = Debug|Any CPU
		{A10EB27E-6444-44AD-B5FB-2C8F96C04225}.Debug|x86.Build.0 = Debug|Any CPU
		{A10EB27E-6444-44AD-B5FB-2C8F96C04225}.Release|Any CPU.ActiveCfg = Release|Any CPU
		{A10EB27E-6444-44AD-B5FB-2C8F96C04225}.Release|Any CPU.Build.0 = Release|Any CPU
		{A10EB27E-6444-44AD-B5FB-2C8F96C04225}.Release|x86.ActiveCfg = Release|Any CPU
		{A10EB27E-6444-44AD-B5FB-2C8F96C04225}.Release|x86.Build.0 = Release|Any CPU
		{6CB866DC-64BF-4B72-A5D8-81767B077AA2}.Debug|Any CPU.ActiveCfg = Debug|Any CPU
		{6CB866DC-64BF-4B72-A5D8-81767B077AA2}.Debug|Any CPU.Build.0 = Debug|Any CPU
		{6CB866DC-64BF-4B72-A5D8-81767B077AA2}.Debug|x86.ActiveCfg = Debug|Any CPU
		{6CB866DC-64BF-4B72-A5D8-81767B077AA2}.Debug|x86.Build.0 = Debug|Any CPU
		{6CB866DC-64BF-4B72-A5D8-81767B077AA2}.Release|Any CPU.ActiveCfg = Release|Any CPU
		{6CB866DC-64BF-4B72-A5D8-81767B077AA2}.Release|Any CPU.Build.0 = Release|Any CPU
		{6CB866DC-64BF-4B72-A5D8-81767B077AA2}.Release|x86.ActiveCfg = Release|Any CPU
		{6CB866DC-64BF-4B72-A5D8-81767B077AA2}.Release|x86.Build.0 = Release|Any CPU
		{9FF56F23-F80E-4D8E-A800-36BFE11AB233}.Debug|Any CPU.ActiveCfg = Debug|Any CPU
		{9FF56F23-F80E-4D8E-A800-36BFE11AB233}.Debug|Any CPU.Build.0 = Debug|Any CPU
		{9FF56F23-F80E-4D8E-A800-36BFE11AB233}.Debug|x86.ActiveCfg = Debug|Any CPU
		{9FF56F23-F80E-4D8E-A800-36BFE11AB233}.Debug|x86.Build.0 = Debug|Any CPU
		{9FF56F23-F80E-4D8E-A800-36BFE11AB233}.Release|Any CPU.ActiveCfg = Release|Any CPU
		{9FF56F23-F80E-4D8E-A800-36BFE11AB233}.Release|Any CPU.Build.0 = Release|Any CPU
		{9FF56F23-F80E-4D8E-A800-36BFE11AB233}.Release|x86.ActiveCfg = Release|Any CPU
		{9FF56F23-F80E-4D8E-A800-36BFE11AB233}.Release|x86.Build.0 = Release|Any CPU
		{93E55367-3534-4AF4-ABF9-B15A50B84DD2}.Debug|Any CPU.ActiveCfg = Debug|Any CPU
		{93E55367-3534-4AF4-ABF9-B15A50B84DD2}.Debug|Any CPU.Build.0 = Debug|Any CPU
		{93E55367-3534-4AF4-ABF9-B15A50B84DD2}.Debug|x86.ActiveCfg = Debug|Any CPU
		{93E55367-3534-4AF4-ABF9-B15A50B84DD2}.Debug|x86.Build.0 = Debug|Any CPU
		{93E55367-3534-4AF4-ABF9-B15A50B84DD2}.Release|Any CPU.ActiveCfg = Release|Any CPU
		{93E55367-3534-4AF4-ABF9-B15A50B84DD2}.Release|Any CPU.Build.0 = Release|Any CPU
		{93E55367-3534-4AF4-ABF9-B15A50B84DD2}.Release|x86.ActiveCfg = Release|Any CPU
		{93E55367-3534-4AF4-ABF9-B15A50B84DD2}.Release|x86.Build.0 = Release|Any CPU
		{4C5867D4-09AD-4A6A-94F6-C2429FF969F7}.Debug|Any CPU.ActiveCfg = Debug|Any CPU
		{4C5867D4-09AD-4A6A-94F6-C2429FF969F7}.Debug|Any CPU.Build.0 = Debug|Any CPU
		{4C5867D4-09AD-4A6A-94F6-C2429FF969F7}.Debug|x86.ActiveCfg = Debug|Any CPU
		{4C5867D4-09AD-4A6A-94F6-C2429FF969F7}.Debug|x86.Build.0 = Debug|Any CPU
		{4C5867D4-09AD-4A6A-94F6-C2429FF969F7}.Release|Any CPU.ActiveCfg = Release|Any CPU
		{4C5867D4-09AD-4A6A-94F6-C2429FF969F7}.Release|Any CPU.Build.0 = Release|Any CPU
		{4C5867D4-09AD-4A6A-94F6-C2429FF969F7}.Release|x86.ActiveCfg = Release|Any CPU
		{4C5867D4-09AD-4A6A-94F6-C2429FF969F7}.Release|x86.Build.0 = Release|Any CPU
		{8031FC6C-EC69-4ECD-BC89-8039DD691602}.Debug|Any CPU.ActiveCfg = Debug|Any CPU
		{8031FC6C-EC69-4ECD-BC89-8039DD691602}.Debug|Any CPU.Build.0 = Debug|Any CPU
		{8031FC6C-EC69-4ECD-BC89-8039DD691602}.Debug|x86.ActiveCfg = Debug|Any CPU
		{8031FC6C-EC69-4ECD-BC89-8039DD691602}.Debug|x86.Build.0 = Debug|Any CPU
		{8031FC6C-EC69-4ECD-BC89-8039DD691602}.Release|Any CPU.ActiveCfg = Release|Any CPU
		{8031FC6C-EC69-4ECD-BC89-8039DD691602}.Release|Any CPU.Build.0 = Release|Any CPU
		{8031FC6C-EC69-4ECD-BC89-8039DD691602}.Release|x86.ActiveCfg = Release|Any CPU
		{8031FC6C-EC69-4ECD-BC89-8039DD691602}.Release|x86.Build.0 = Release|Any CPU
		{AE738987-8F4D-435D-83D7-0C2C85E49E0A}.Debug|Any CPU.ActiveCfg = Debug|Any CPU
		{AE738987-8F4D-435D-83D7-0C2C85E49E0A}.Debug|Any CPU.Build.0 = Debug|Any CPU
		{AE738987-8F4D-435D-83D7-0C2C85E49E0A}.Debug|x86.ActiveCfg = Debug|Any CPU
		{AE738987-8F4D-435D-83D7-0C2C85E49E0A}.Debug|x86.Build.0 = Debug|Any CPU
		{AE738987-8F4D-435D-83D7-0C2C85E49E0A}.Release|Any CPU.ActiveCfg = Release|Any CPU
		{AE738987-8F4D-435D-83D7-0C2C85E49E0A}.Release|Any CPU.Build.0 = Release|Any CPU
		{AE738987-8F4D-435D-83D7-0C2C85E49E0A}.Release|x86.ActiveCfg = Release|Any CPU
		{AE738987-8F4D-435D-83D7-0C2C85E49E0A}.Release|x86.Build.0 = Release|Any CPU
	EndGlobalSection
	GlobalSection(SolutionProperties) = preSolution
		HideSolutionNode = FALSE
	EndGlobalSection
EndGlobal
