
Microsoft Visual Studio Solution File, Format Version 12.00
# Visual Studio 14
VisualStudioVersion = 14.0.24720.0
MinimumVisualStudioVersion = 10.0.40219.1
Project("{FAE04EC0-301F-11D3-BF4B-00C04F79EFBC}") = "IRAP", "IRAP\IRAP.csproj", "{5EA9DB95-5440-41AB-87E5-D5C2289FF122}"
EndProject
Project("{FAE04EC0-301F-11D3-BF4B-00C04F79EFBC}") = "IRAP.Global", "..\Global\IRAP.Global\IRAP.Global.csproj", "{325FFD07-7491-45C3-86F3-85F7DEF4C726}"
EndProject
Project("{FAE04EC0-301F-11D3-BF4B-00C04F79EFBC}") = "IRAP.Client.User", "IRAP.Client.User\IRAP.Client.User.csproj", "{9B2D1970-A6A8-4CC8-8E8E-8B6454B5BCCF}"
EndProject
Project("{FAE04EC0-301F-11D3-BF4B-00C04F79EFBC}") = "IRAP.Entity.SSO", "..\Server\IRAP.Entities\IRAP.Entity.SSO\IRAP.Entity.SSO.csproj", "{DA96959D-CDD1-4533-B5E8-CF235C2D1C61}"
EndProject
Project("{FAE04EC0-301F-11D3-BF4B-00C04F79EFBC}") = "IRAP.WCF.Client", "IRAP.WCF.Client\IRAP.WCF.Client.csproj", "{476669B5-14C9-4754-A83B-343783807749}"
EndProject
Project("{FAE04EC0-301F-11D3-BF4B-00C04F79EFBC}") = "IRAPShared", "..\Global\IRAPShared\IRAPShared.csproj", "{AF165361-FE05-4CC9-9D94-CA98C4A74AB0}"
EndProject
Project("{FAE04EC0-301F-11D3-BF4B-00C04F79EFBC}") = "IRAP.WCF.Client.Method", "IRAP.WCF.Client.Method\IRAP.WCF.Client.Method.csproj", "{6F4AD952-871C-4594-BBE7-8C7EA61B63BE}"
EndProject
Project("{FAE04EC0-301F-11D3-BF4B-00C04F79EFBC}") = "IRAPMain", "IRAPMain\IRAPMain.csproj", "{640374AC-5A1D-4FA1-8FA5-3DE593279D93}"
EndProject
Project("{FAE04EC0-301F-11D3-BF4B-00C04F79EFBC}") = "IRAP.Client.Global", "IRAP.Client.Global\IRAP.Client.Global.csproj", "{A4B73531-9E93-4C64-AAE2-A6CDF064C9F5}"
EndProject
Project("{FAE04EC0-301F-11D3-BF4B-00C04F79EFBC}") = "IRAP.Client.SubSystems", "IRAP.Client.SubSystems\IRAP.Client.SubSystems.csproj", "{CC16754D-DD9D-4AD5-A006-0C7C95F94DB3}"
EndProject
Project("{FAE04EC0-301F-11D3-BF4B-00C04F79EFBC}") = "IRAP.Client.Global.GUI", "IRAP.Client.Global.GUI\IRAP.Client.Global.GUI.csproj", "{66EE090D-3D17-4CC0-9A7B-05EA2124A30B}"
EndProject
Global
	GlobalSection(SolutionConfigurationPlatforms) = preSolution
		Debug|Any CPU = Debug|Any CPU
		Debug|x86 = Debug|x86
		Release|Any CPU = Release|Any CPU
		Release|x86 = Release|x86
	EndGlobalSection
	GlobalSection(ProjectConfigurationPlatforms) = postSolution
		{5EA9DB95-5440-41AB-87E5-D5C2289FF122}.Debug|Any CPU.ActiveCfg = Debug|Any CPU
		{5EA9DB95-5440-41AB-87E5-D5C2289FF122}.Debug|x86.ActiveCfg = Debug|Any CPU
		{5EA9DB95-5440-41AB-87E5-D5C2289FF122}.Debug|x86.Build.0 = Debug|Any CPU
		{5EA9DB95-5440-41AB-87E5-D5C2289FF122}.Release|Any CPU.ActiveCfg = Release|Any CPU
		{5EA9DB95-5440-41AB-87E5-D5C2289FF122}.Release|x86.ActiveCfg = Release|Any CPU
		{5EA9DB95-5440-41AB-87E5-D5C2289FF122}.Release|x86.Build.0 = Release|Any CPU
		{325FFD07-7491-45C3-86F3-85F7DEF4C726}.Debug|Any CPU.ActiveCfg = Debug|Any CPU
		{325FFD07-7491-45C3-86F3-85F7DEF4C726}.Debug|Any CPU.Build.0 = Debug|Any CPU
		{325FFD07-7491-45C3-86F3-85F7DEF4C726}.Debug|x86.ActiveCfg = Debug|Any CPU
		{325FFD07-7491-45C3-86F3-85F7DEF4C726}.Debug|x86.Build.0 = Debug|Any CPU
		{325FFD07-7491-45C3-86F3-85F7DEF4C726}.Release|Any CPU.ActiveCfg = Release|Any CPU
		{325FFD07-7491-45C3-86F3-85F7DEF4C726}.Release|Any CPU.Build.0 = Release|Any CPU
		{325FFD07-7491-45C3-86F3-85F7DEF4C726}.Release|x86.ActiveCfg = Release|Any CPU
		{325FFD07-7491-45C3-86F3-85F7DEF4C726}.Release|x86.Build.0 = Release|Any CPU
		{9B2D1970-A6A8-4CC8-8E8E-8B6454B5BCCF}.Debug|Any CPU.ActiveCfg = Debug|Any CPU
		{9B2D1970-A6A8-4CC8-8E8E-8B6454B5BCCF}.Debug|Any CPU.Build.0 = Debug|Any CPU
		{9B2D1970-A6A8-4CC8-8E8E-8B6454B5BCCF}.Debug|x86.ActiveCfg = Debug|Any CPU
		{9B2D1970-A6A8-4CC8-8E8E-8B6454B5BCCF}.Debug|x86.Build.0 = Debug|Any CPU
		{9B2D1970-A6A8-4CC8-8E8E-8B6454B5BCCF}.Release|Any CPU.ActiveCfg = Release|Any CPU
		{9B2D1970-A6A8-4CC8-8E8E-8B6454B5BCCF}.Release|Any CPU.Build.0 = Release|Any CPU
		{9B2D1970-A6A8-4CC8-8E8E-8B6454B5BCCF}.Release|x86.ActiveCfg = Release|Any CPU
		{9B2D1970-A6A8-4CC8-8E8E-8B6454B5BCCF}.Release|x86.Build.0 = Release|Any CPU
		{DA96959D-CDD1-4533-B5E8-CF235C2D1C61}.Debug|Any CPU.ActiveCfg = Debug|Any CPU
		{DA96959D-CDD1-4533-B5E8-CF235C2D1C61}.Debug|Any CPU.Build.0 = Debug|Any CPU
		{DA96959D-CDD1-4533-B5E8-CF235C2D1C61}.Debug|x86.ActiveCfg = Debug|Any CPU
		{DA96959D-CDD1-4533-B5E8-CF235C2D1C61}.Debug|x86.Build.0 = Debug|Any CPU
		{DA96959D-CDD1-4533-B5E8-CF235C2D1C61}.Release|Any CPU.ActiveCfg = Release|Any CPU
		{DA96959D-CDD1-4533-B5E8-CF235C2D1C61}.Release|Any CPU.Build.0 = Release|Any CPU
		{DA96959D-CDD1-4533-B5E8-CF235C2D1C61}.Release|x86.ActiveCfg = Release|Any CPU
		{DA96959D-CDD1-4533-B5E8-CF235C2D1C61}.Release|x86.Build.0 = Release|Any CPU
		{476669B5-14C9-4754-A83B-343783807749}.Debug|Any CPU.ActiveCfg = Debug|Any CPU
		{476669B5-14C9-4754-A83B-343783807749}.Debug|Any CPU.Build.0 = Debug|Any CPU
		{476669B5-14C9-4754-A83B-343783807749}.Debug|x86.ActiveCfg = Debug|Any CPU
		{476669B5-14C9-4754-A83B-343783807749}.Debug|x86.Build.0 = Debug|Any CPU
		{476669B5-14C9-4754-A83B-343783807749}.Release|Any CPU.ActiveCfg = Release|Any CPU
		{476669B5-14C9-4754-A83B-343783807749}.Release|Any CPU.Build.0 = Release|Any CPU
		{476669B5-14C9-4754-A83B-343783807749}.Release|x86.ActiveCfg = Release|Any CPU
		{476669B5-14C9-4754-A83B-343783807749}.Release|x86.Build.0 = Release|Any CPU
		{AF165361-FE05-4CC9-9D94-CA98C4A74AB0}.Debug|Any CPU.ActiveCfg = Debug|Any CPU
		{AF165361-FE05-4CC9-9D94-CA98C4A74AB0}.Debug|Any CPU.Build.0 = Debug|Any CPU
		{AF165361-FE05-4CC9-9D94-CA98C4A74AB0}.Debug|x86.ActiveCfg = Debug|Any CPU
		{AF165361-FE05-4CC9-9D94-CA98C4A74AB0}.Debug|x86.Build.0 = Debug|Any CPU
		{AF165361-FE05-4CC9-9D94-CA98C4A74AB0}.Release|Any CPU.ActiveCfg = Release|Any CPU
		{AF165361-FE05-4CC9-9D94-CA98C4A74AB0}.Release|Any CPU.Build.0 = Release|Any CPU
		{AF165361-FE05-4CC9-9D94-CA98C4A74AB0}.Release|x86.ActiveCfg = Release|Any CPU
		{AF165361-FE05-4CC9-9D94-CA98C4A74AB0}.Release|x86.Build.0 = Release|Any CPU
		{6F4AD952-871C-4594-BBE7-8C7EA61B63BE}.Debug|Any CPU.ActiveCfg = Debug|Any CPU
		{6F4AD952-871C-4594-BBE7-8C7EA61B63BE}.Debug|Any CPU.Build.0 = Debug|Any CPU
		{6F4AD952-871C-4594-BBE7-8C7EA61B63BE}.Debug|x86.ActiveCfg = Debug|Any CPU
		{6F4AD952-871C-4594-BBE7-8C7EA61B63BE}.Debug|x86.Build.0 = Debug|Any CPU
		{6F4AD952-871C-4594-BBE7-8C7EA61B63BE}.Release|Any CPU.ActiveCfg = Release|Any CPU
		{6F4AD952-871C-4594-BBE7-8C7EA61B63BE}.Release|Any CPU.Build.0 = Release|Any CPU
		{6F4AD952-871C-4594-BBE7-8C7EA61B63BE}.Release|x86.ActiveCfg = Release|Any CPU
		{6F4AD952-871C-4594-BBE7-8C7EA61B63BE}.Release|x86.Build.0 = Release|Any CPU
		{640374AC-5A1D-4FA1-8FA5-3DE593279D93}.Debug|Any CPU.ActiveCfg = Debug|x86
		{640374AC-5A1D-4FA1-8FA5-3DE593279D93}.Debug|Any CPU.Build.0 = Debug|x86
		{640374AC-5A1D-4FA1-8FA5-3DE593279D93}.Debug|x86.ActiveCfg = Debug|x86
		{640374AC-5A1D-4FA1-8FA5-3DE593279D93}.Debug|x86.Build.0 = Debug|x86
		{640374AC-5A1D-4FA1-8FA5-3DE593279D93}.Release|Any CPU.ActiveCfg = Release|x86
		{640374AC-5A1D-4FA1-8FA5-3DE593279D93}.Release|Any CPU.Build.0 = Release|x86
		{640374AC-5A1D-4FA1-8FA5-3DE593279D93}.Release|x86.ActiveCfg = Release|x86
		{640374AC-5A1D-4FA1-8FA5-3DE593279D93}.Release|x86.Build.0 = Release|x86
		{A4B73531-9E93-4C64-AAE2-A6CDF064C9F5}.Debug|Any CPU.ActiveCfg = Debug|Any CPU
		{A4B73531-9E93-4C64-AAE2-A6CDF064C9F5}.Debug|Any CPU.Build.0 = Debug|Any CPU
		{A4B73531-9E93-4C64-AAE2-A6CDF064C9F5}.Debug|x86.ActiveCfg = Debug|Any CPU
		{A4B73531-9E93-4C64-AAE2-A6CDF064C9F5}.Debug|x86.Build.0 = Debug|Any CPU
		{A4B73531-9E93-4C64-AAE2-A6CDF064C9F5}.Release|Any CPU.ActiveCfg = Release|Any CPU
		{A4B73531-9E93-4C64-AAE2-A6CDF064C9F5}.Release|Any CPU.Build.0 = Release|Any CPU
		{A4B73531-9E93-4C64-AAE2-A6CDF064C9F5}.Release|x86.ActiveCfg = Release|Any CPU
		{A4B73531-9E93-4C64-AAE2-A6CDF064C9F5}.Release|x86.Build.0 = Release|Any CPU
		{CC16754D-DD9D-4AD5-A006-0C7C95F94DB3}.Debug|Any CPU.ActiveCfg = Debug|Any CPU
		{CC16754D-DD9D-4AD5-A006-0C7C95F94DB3}.Debug|Any CPU.Build.0 = Debug|Any CPU
		{CC16754D-DD9D-4AD5-A006-0C7C95F94DB3}.Debug|x86.ActiveCfg = Debug|Any CPU
		{CC16754D-DD9D-4AD5-A006-0C7C95F94DB3}.Debug|x86.Build.0 = Debug|Any CPU
		{CC16754D-DD9D-4AD5-A006-0C7C95F94DB3}.Release|Any CPU.ActiveCfg = Release|Any CPU
		{CC16754D-DD9D-4AD5-A006-0C7C95F94DB3}.Release|Any CPU.Build.0 = Release|Any CPU
		{CC16754D-DD9D-4AD5-A006-0C7C95F94DB3}.Release|x86.ActiveCfg = Release|Any CPU
		{CC16754D-DD9D-4AD5-A006-0C7C95F94DB3}.Release|x86.Build.0 = Release|Any CPU
		{66EE090D-3D17-4CC0-9A7B-05EA2124A30B}.Debug|Any CPU.ActiveCfg = Debug|Any CPU
		{66EE090D-3D17-4CC0-9A7B-05EA2124A30B}.Debug|Any CPU.Build.0 = Debug|Any CPU
		{66EE090D-3D17-4CC0-9A7B-05EA2124A30B}.Debug|x86.ActiveCfg = Debug|Any CPU
		{66EE090D-3D17-4CC0-9A7B-05EA2124A30B}.Debug|x86.Build.0 = Debug|Any CPU
		{66EE090D-3D17-4CC0-9A7B-05EA2124A30B}.Release|Any CPU.ActiveCfg = Release|Any CPU
		{66EE090D-3D17-4CC0-9A7B-05EA2124A30B}.Release|Any CPU.Build.0 = Release|Any CPU
		{66EE090D-3D17-4CC0-9A7B-05EA2124A30B}.Release|x86.ActiveCfg = Release|Any CPU
		{66EE090D-3D17-4CC0-9A7B-05EA2124A30B}.Release|x86.Build.0 = Release|Any CPU
	EndGlobalSection
	GlobalSection(SolutionProperties) = preSolution
		HideSolutionNode = FALSE
	EndGlobalSection
EndGlobal
