
Microsoft Visual Studio Solution File, Format Version 12.00
# Visual Studio 14
VisualStudioVersion = 14.0.24720.0
MinimumVisualStudioVersion = 10.0.40219.1
Project("{FAE04EC0-301F-11D3-BF4B-00C04F79EFBC}") = "IRAPGeneralGateway", "IRAPGeneralGateway\IRAPGeneralGateway.csproj", "{8AF3926A-214F-4322-923A-EBB43D880F2B}"
EndProject
Global
	GlobalSection(SolutionConfigurationPlatforms) = preSolution
		Debug|Any CPU = Debug|Any CPU
		Release|Any CPU = Release|Any CPU
	EndGlobalSection
	GlobalSection(ProjectConfigurationPlatforms) = postSolution
		{8AF3926A-214F-4322-923A-EBB43D880F2B}.Debug|Any CPU.ActiveCfg = Debug|Any CPU
		{8AF3926A-214F-4322-923A-EBB43D880F2B}.Debug|Any CPU.Build.0 = Debug|Any CPU
		{8AF3926A-214F-4322-923A-EBB43D880F2B}.Release|Any CPU.ActiveCfg = Release|Any CPU
		{8AF3926A-214F-4322-923A-EBB43D880F2B}.Release|Any CPU.Build.0 = Release|Any CPU
	EndGlobalSection
	GlobalSection(SolutionProperties) = preSolution
		HideSolutionNode = FALSE
	EndGlobalSection
EndGlobal
