
Microsoft Visual Studio Solution File, Format Version 12.00
# Visual Studio 14
VisualStudioVersion = 14.0.24720.0
MinimumVisualStudioVersion = 10.0.40219.1
Project("{FAE04EC0-301F-11D3-BF4B-00C04F79EFBC}") = "IRAP.Server.Host", "IRAP.Server.Host\IRAP.Server.Host.csproj", "{C52CA7A1-74B9-4883-BD88-F4C5797D4B55}"
EndProject
Project("{FAE04EC0-301F-11D3-BF4B-00C04F79EFBC}") = "IRAPORM", "IRAPORM\IRAPORM.csproj", "{954DEBC1-2FEC-4B7B-B32D-25287E1DF873}"
EndProject
Project("{FAE04EC0-301F-11D3-BF4B-00C04F79EFBC}") = "IRAP.Global", "..\Global\IRAP.Global\IRAP.Global.csproj", "{325FFD07-7491-45C3-86F3-85F7DEF4C726}"
EndProject
Project("{FAE04EC0-301F-11D3-BF4B-00C04F79EFBC}") = "IRAP.Entity.SSO", "IRAP.Entities\IRAP.Entity.SSO\IRAP.Entity.SSO.csproj", "{DA96959D-CDD1-4533-B5E8-CF235C2D1C61}"
EndProject
Project("{FAE04EC0-301F-11D3-BF4B-00C04F79EFBC}") = "IRAPShared", "..\Global\IRAPShared\IRAPShared.csproj", "{AF165361-FE05-4CC9-9D94-CA98C4A74AB0}"
EndProject
Project("{FAE04EC0-301F-11D3-BF4B-00C04F79EFBC}") = "IRAP.BL.SSO", "IRAP.BL\IRAP.BL.SSO\IRAP.BL.SSO.csproj", "{BC413C45-E8F4-44E0-9C00-AFBCE88E1176}"
EndProject
Project("{FAE04EC0-301F-11D3-BF4B-00C04F79EFBC}") = "IRAP.Interface.Global", "IRAP.Interface.Global\IRAP.Interface.Global.csproj", "{B516B5F7-DBC0-4DEE-9F86-3EDD258E9B05}"
EndProject
Project("{FAE04EC0-301F-11D3-BF4B-00C04F79EFBC}") = "IRAP.General.Server.Library", "IRAP.General.Server.Library\IRAP.General.Server.Library.csproj", "{052951CA-1CCB-4430-B794-4D8E49FD853F}"
EndProject
Project("{FAE04EC0-301F-11D3-BF4B-00C04F79EFBC}") = "IRAP.Server.Global", "IRAP.Server.Global\IRAP.Server.Global.csproj", "{6CAD9CB5-9549-4F44-A66C-5E8B1D55F22E}"
EndProject
Project("{FAE04EC0-301F-11D3-BF4B-00C04F79EFBC}") = "DynamicLoad", "DynamicLoad\DynamicLoad.csproj", "{D07F3170-7A52-493B-9A35-3875C2D834A9}"
EndProject
Global
	GlobalSection(SolutionConfigurationPlatforms) = preSolution
		Debug|Any CPU = Debug|Any CPU
		Release|Any CPU = Release|Any CPU
	EndGlobalSection
	GlobalSection(ProjectConfigurationPlatforms) = postSolution
		{C52CA7A1-74B9-4883-BD88-F4C5797D4B55}.Debug|Any CPU.ActiveCfg = Debug|Any CPU
		{C52CA7A1-74B9-4883-BD88-F4C5797D4B55}.Debug|Any CPU.Build.0 = Debug|Any CPU
		{C52CA7A1-74B9-4883-BD88-F4C5797D4B55}.Release|Any CPU.ActiveCfg = Release|Any CPU
		{C52CA7A1-74B9-4883-BD88-F4C5797D4B55}.Release|Any CPU.Build.0 = Release|Any CPU
		{954DEBC1-2FEC-4B7B-B32D-25287E1DF873}.Debug|Any CPU.ActiveCfg = Debug|Any CPU
		{954DEBC1-2FEC-4B7B-B32D-25287E1DF873}.Debug|Any CPU.Build.0 = Debug|Any CPU
		{954DEBC1-2FEC-4B7B-B32D-25287E1DF873}.Release|Any CPU.ActiveCfg = Release|Any CPU
		{954DEBC1-2FEC-4B7B-B32D-25287E1DF873}.Release|Any CPU.Build.0 = Release|Any CPU
		{325FFD07-7491-45C3-86F3-85F7DEF4C726}.Debug|Any CPU.ActiveCfg = Debug|Any CPU
		{325FFD07-7491-45C3-86F3-85F7DEF4C726}.Debug|Any CPU.Build.0 = Debug|Any CPU
		{325FFD07-7491-45C3-86F3-85F7DEF4C726}.Release|Any CPU.ActiveCfg = Release|Any CPU
		{325FFD07-7491-45C3-86F3-85F7DEF4C726}.Release|Any CPU.Build.0 = Release|Any CPU
		{DA96959D-CDD1-4533-B5E8-CF235C2D1C61}.Debug|Any CPU.ActiveCfg = Debug|Any CPU
		{DA96959D-CDD1-4533-B5E8-CF235C2D1C61}.Debug|Any CPU.Build.0 = Debug|Any CPU
		{DA96959D-CDD1-4533-B5E8-CF235C2D1C61}.Release|Any CPU.ActiveCfg = Release|Any CPU
		{DA96959D-CDD1-4533-B5E8-CF235C2D1C61}.Release|Any CPU.Build.0 = Release|Any CPU
		{AF165361-FE05-4CC9-9D94-CA98C4A74AB0}.Debug|Any CPU.ActiveCfg = Debug|Any CPU
		{AF165361-FE05-4CC9-9D94-CA98C4A74AB0}.Debug|Any CPU.Build.0 = Debug|Any CPU
		{AF165361-FE05-4CC9-9D94-CA98C4A74AB0}.Release|Any CPU.ActiveCfg = Release|Any CPU
		{AF165361-FE05-4CC9-9D94-CA98C4A74AB0}.Release|Any CPU.Build.0 = Release|Any CPU
		{BC413C45-E8F4-44E0-9C00-AFBCE88E1176}.Debug|Any CPU.ActiveCfg = Debug|Any CPU
		{BC413C45-E8F4-44E0-9C00-AFBCE88E1176}.Debug|Any CPU.Build.0 = Debug|Any CPU
		{BC413C45-E8F4-44E0-9C00-AFBCE88E1176}.Release|Any CPU.ActiveCfg = Release|Any CPU
		{BC413C45-E8F4-44E0-9C00-AFBCE88E1176}.Release|Any CPU.Build.0 = Release|Any CPU
		{B516B5F7-DBC0-4DEE-9F86-3EDD258E9B05}.Debug|Any CPU.ActiveCfg = Debug|Any CPU
		{B516B5F7-DBC0-4DEE-9F86-3EDD258E9B05}.Debug|Any CPU.Build.0 = Debug|Any CPU
		{B516B5F7-DBC0-4DEE-9F86-3EDD258E9B05}.Release|Any CPU.ActiveCfg = Release|Any CPU
		{B516B5F7-DBC0-4DEE-9F86-3EDD258E9B05}.Release|Any CPU.Build.0 = Release|Any CPU
		{052951CA-1CCB-4430-B794-4D8E49FD853F}.Debug|Any CPU.ActiveCfg = Debug|Any CPU
		{052951CA-1CCB-4430-B794-4D8E49FD853F}.Debug|Any CPU.Build.0 = Debug|Any CPU
		{052951CA-1CCB-4430-B794-4D8E49FD853F}.Release|Any CPU.ActiveCfg = Release|Any CPU
		{052951CA-1CCB-4430-B794-4D8E49FD853F}.Release|Any CPU.Build.0 = Release|Any CPU
		{6CAD9CB5-9549-4F44-A66C-5E8B1D55F22E}.Debug|Any CPU.ActiveCfg = Debug|Any CPU
		{6CAD9CB5-9549-4F44-A66C-5E8B1D55F22E}.Debug|Any CPU.Build.0 = Debug|Any CPU
		{6CAD9CB5-9549-4F44-A66C-5E8B1D55F22E}.Release|Any CPU.ActiveCfg = Release|Any CPU
		{6CAD9CB5-9549-4F44-A66C-5E8B1D55F22E}.Release|Any CPU.Build.0 = Release|Any CPU
		{D07F3170-7A52-493B-9A35-3875C2D834A9}.Debug|Any CPU.ActiveCfg = Debug|Any CPU
		{D07F3170-7A52-493B-9A35-3875C2D834A9}.Debug|Any CPU.Build.0 = Debug|Any CPU
		{D07F3170-7A52-493B-9A35-3875C2D834A9}.Release|Any CPU.ActiveCfg = Release|Any CPU
		{D07F3170-7A52-493B-9A35-3875C2D834A9}.Release|Any CPU.Build.0 = Release|Any CPU
	EndGlobalSection
	GlobalSection(SolutionProperties) = preSolution
		HideSolutionNode = FALSE
	EndGlobalSection
EndGlobal
