
Microsoft Visual Studio Solution File, Format Version 12.00
# Visual Studio 14
VisualStudioVersion = 14.0.24720.0
MinimumVisualStudioVersion = 10.0.40219.1
Project("{FAE04EC0-301F-11D3-BF4B-00C04F79EFBC}") = "IRAP.Server.Host", "IRAP.Server.Host\IRAP.Server.Host.csproj", "{C52CA7A1-74B9-4883-BD88-F4C5797D4B55}"
EndProject
Project("{FAE04EC0-301F-11D3-BF4B-00C04F79EFBC}") = "IRAPORM", "IRAPORM\IRAPORM.csproj", "{954DEBC1-2FEC-4B7B-B32D-25287E1DF873}"
EndProject
Project("{FAE04EC0-301F-11D3-BF4B-00C04F79EFBC}") = "IRAP.Entity.SSO", "IRAP.Entities\IRAP.Entity.SSO\IRAP.Entity.SSO.csproj", "{DA96959D-CDD1-4533-B5E8-CF235C2D1C61}"
EndProject
Project("{FAE04EC0-301F-11D3-BF4B-00C04F79EFBC}") = "IRAPShared", "..\Global\IRAPShared\IRAPShared.csproj", "{AF165361-FE05-4CC9-9D94-CA98C4A74AB0}"
EndProject
Project("{FAE04EC0-301F-11D3-BF4B-00C04F79EFBC}") = "IRAP.BL.SSO", "IRAP.BL\IRAP.BL.SSO\IRAP.BL.SSO.csproj", "{BC413C45-E8F4-44E0-9C00-AFBCE88E1176}"
EndProject
Project("{FAE04EC0-301F-11D3-BF4B-00C04F79EFBC}") = "IRAP.Interface.Global", "IRAP.Interface.Global\IRAP.Interface.Global.csproj", "{B516B5F7-DBC0-4DEE-9F86-3EDD258E9B05}"
EndProject
Project("{FAE04EC0-301F-11D3-BF4B-00C04F79EFBC}") = "IRAP.General.Server.Library", "IRAP.General.Server.Library\IRAP.General.Server.Library.csproj", "{052951CA-1CCB-4430-B794-4D8E49FD853F}"
EndProject
Project("{FAE04EC0-301F-11D3-BF4B-00C04F79EFBC}") = "IRAP.Server.Global", "IRAP.Server.Global\IRAP.Server.Global.csproj", "{6CAD9CB5-9549-4F44-A66C-5E8B1D55F22E}"
EndProject
Project("{FAE04EC0-301F-11D3-BF4B-00C04F79EFBC}") = "DynamicLoad", "DynamicLoad\DynamicLoad.csproj", "{D07F3170-7A52-493B-9A35-3875C2D834A9}"
EndProject
Project("{FAE04EC0-301F-11D3-BF4B-00C04F79EFBC}") = "IRAP.Entity.Kanban", "IRAP.Entities\IRAP.Entity.Kanban\IRAP.Entity.Kanban.csproj", "{38588300-33DF-457A-936A-D0D0CA499E96}"
EndProject
Project("{FAE04EC0-301F-11D3-BF4B-00C04F79EFBC}") = "IRAP.BL.Kanban", "IRAP.BL\IRAP.BL.Kanban\IRAP.BL.Kanban.csproj", "{D674DF1F-6438-48E3-82F3-B193E59396ED}"
EndProject
Project("{FAE04EC0-301F-11D3-BF4B-00C04F79EFBC}") = "IRAP.BL.FVS", "IRAP.BL\IRAP.BL.FVS\IRAP.BL.FVS.csproj", "{84B4C496-6BA2-4044-8878-D4493402600C}"
EndProject
Project("{FAE04EC0-301F-11D3-BF4B-00C04F79EFBC}") = "IRAP.Entity.APS", "IRAP.Entities\IRAP.Entity.APS\IRAP.Entity.APS.csproj", "{70F72616-3F21-401C-803B-C93FEC517D73}"
EndProject
Project("{FAE04EC0-301F-11D3-BF4B-00C04F79EFBC}") = "IRAP.BL.APS", "IRAP.BL\IRAP.BL.APS\IRAP.BL.APS.csproj", "{6DF64E82-CDD7-450F-B023-A90FA2C6ECD8}"
EndProject
Project("{FAE04EC0-301F-11D3-BF4B-00C04F79EFBC}") = "IRAP.Entity.FVS", "IRAP.Entities\IRAP.Entity.FVS\IRAP.Entity.FVS.csproj", "{08EFFF76-A5D1-4C39-972D-D9C85BDED80F}"
EndProject
Project("{FAE04EC0-301F-11D3-BF4B-00C04F79EFBC}") = "IRAP.Entity.MES", "IRAP.Entities\IRAP.Entity.MES\IRAP.Entity.MES.csproj", "{C78CDB3F-F78A-4C17-B5C8-E2E88A0A5947}"
EndProject
Project("{FAE04EC0-301F-11D3-BF4B-00C04F79EFBC}") = "IRAP.BL.MES", "IRAP.BL\IRAP.BL.MES\IRAP.BL.MES.csproj", "{44ED0964-B373-4EC6-8B56-FB286282AFCF}"
EndProject
Project("{FAE04EC0-301F-11D3-BF4B-00C04F79EFBC}") = "IRAP.Entity.MDM", "IRAP.Entities\IRAP.Entity.MDM\IRAP.Entity.MDM.csproj", "{5FEB6CB3-68C9-4E06-814B-C071743BF5A2}"
EndProject
Project("{FAE04EC0-301F-11D3-BF4B-00C04F79EFBC}") = "IRAP.BL.MDM", "IRAP.BL\IRAP.BL.MDM\IRAP.BL.MDM.csproj", "{B27EF7EF-6F4B-462F-96CC-A64EA0E82AD2}"
EndProject
Project("{FAE04EC0-301F-11D3-BF4B-00C04F79EFBC}") = "IRAP.Entity.IRAP", "IRAP.Entities\IRAP.Entity.IRAP\IRAP.Entity.IRAP.csproj", "{62F00CF1-9EDC-4597-B902-8BBACBE5D625}"
EndProject
Project("{FAE04EC0-301F-11D3-BF4B-00C04F79EFBC}") = "IRAP.BL.MESRMM", "IRAP.BL\IRAP.BL.MESRMM\IRAP.BL.MESRMM.csproj", "{9F1487B4-652F-4A16-A32D-85AAF0C73C5F}"
EndProject
Project("{FAE04EC0-301F-11D3-BF4B-00C04F79EFBC}") = "IRAP.Entity.MESRMM", "IRAP.Entities\IRAP.Entity.MESRMM\IRAP.Entity.MESRMM.csproj", "{2251A6F7-8947-4DF4-827E-43BB96C85DC5}"
EndProject
Project("{FAE04EC0-301F-11D3-BF4B-00C04F79EFBC}") = "IRAP.Server.Service", "IRAP.Server.Service\IRAP.Server.Service.csproj", "{9BA37B3B-3086-46CB-85EC-2683F35FF315}"
EndProject
Project("{FAE04EC0-301F-11D3-BF4B-00C04F79EFBC}") = "IRAP.BL.UTS", "IRAP.BL\IRAP.BL.UTS\IRAP.BL.UTS.csproj", "{47A46432-15CD-4697-A024-1ED7976B7481}"
EndProject
Project("{FAE04EC0-301F-11D3-BF4B-00C04F79EFBC}") = "IRAP.Global", "..\Global\IRAP.Global\IRAP.Global.csproj", "{325FFD07-7491-45C3-86F3-85F7DEF4C726}"
EndProject
Project("{FAE04EC0-301F-11D3-BF4B-00C04F79EFBC}") = "IRAP.Entities", "IRAP.Entities\IRAP.Entities\IRAP.Entities.csproj", "{A10EB27E-6444-44AD-B5FB-2C8F96C04225}"
EndProject
Project("{FAE04EC0-301F-11D3-BF4B-00C04F79EFBC}") = "IRAP.BL.SCES", "IRAP.BL\IRAP.BL.SCES\IRAP.BL.SCES.csproj", "{C9B634F0-22D3-4C11-A0B8-C6E5F6CD080B}"
EndProject
Project("{FAE04EC0-301F-11D3-BF4B-00C04F79EFBC}") = "IRAPDAL", "IRAPDAL\IRAPDAL.csproj", "{FE288DE4-07AF-4D94-82B6-61169BB407B1}"
EndProject
Global
	GlobalSection(SolutionConfigurationPlatforms) = preSolution
		Debug|Any CPU = Debug|Any CPU
		Release|Any CPU = Release|Any CPU
	EndGlobalSection
	GlobalSection(ProjectConfigurationPlatforms) = postSolution
		{C52CA7A1-74B9-4883-BD88-F4C5797D4B55}.Debug|Any CPU.ActiveCfg = Debug|Any CPU
		{C52CA7A1-74B9-4883-BD88-F4C5797D4B55}.Debug|Any CPU.Build.0 = Debug|Any CPU
		{C52CA7A1-74B9-4883-BD88-F4C5797D4B55}.Release|Any CPU.ActiveCfg = Release|Any CPU
		{C52CA7A1-74B9-4883-BD88-F4C5797D4B55}.Release|Any CPU.Build.0 = Release|Any CPU
		{954DEBC1-2FEC-4B7B-B32D-25287E1DF873}.Debug|Any CPU.ActiveCfg = Debug|Any CPU
		{954DEBC1-2FEC-4B7B-B32D-25287E1DF873}.Debug|Any CPU.Build.0 = Debug|Any CPU
		{954DEBC1-2FEC-4B7B-B32D-25287E1DF873}.Release|Any CPU.ActiveCfg = Release|Any CPU
		{954DEBC1-2FEC-4B7B-B32D-25287E1DF873}.Release|Any CPU.Build.0 = Release|Any CPU
		{DA96959D-CDD1-4533-B5E8-CF235C2D1C61}.Debug|Any CPU.ActiveCfg = Debug|Any CPU
		{DA96959D-CDD1-4533-B5E8-CF235C2D1C61}.Debug|Any CPU.Build.0 = Debug|Any CPU
		{DA96959D-CDD1-4533-B5E8-CF235C2D1C61}.Release|Any CPU.ActiveCfg = Release|Any CPU
		{DA96959D-CDD1-4533-B5E8-CF235C2D1C61}.Release|Any CPU.Build.0 = Release|Any CPU
		{AF165361-FE05-4CC9-9D94-CA98C4A74AB0}.Debug|Any CPU.ActiveCfg = Debug|Any CPU
		{AF165361-FE05-4CC9-9D94-CA98C4A74AB0}.Debug|Any CPU.Build.0 = Debug|Any CPU
		{AF165361-FE05-4CC9-9D94-CA98C4A74AB0}.Release|Any CPU.ActiveCfg = Release|Any CPU
		{AF165361-FE05-4CC9-9D94-CA98C4A74AB0}.Release|Any CPU.Build.0 = Release|Any CPU
		{BC413C45-E8F4-44E0-9C00-AFBCE88E1176}.Debug|Any CPU.ActiveCfg = Debug|Any CPU
		{BC413C45-E8F4-44E0-9C00-AFBCE88E1176}.Debug|Any CPU.Build.0 = Debug|Any CPU
		{BC413C45-E8F4-44E0-9C00-AFBCE88E1176}.Release|Any CPU.ActiveCfg = Release|Any CPU
		{BC413C45-E8F4-44E0-9C00-AFBCE88E1176}.Release|Any CPU.Build.0 = Release|Any CPU
		{B516B5F7-DBC0-4DEE-9F86-3EDD258E9B05}.Debug|Any CPU.ActiveCfg = Debug|Any CPU
		{B516B5F7-DBC0-4DEE-9F86-3EDD258E9B05}.Debug|Any CPU.Build.0 = Debug|Any CPU
		{B516B5F7-DBC0-4DEE-9F86-3EDD258E9B05}.Release|Any CPU.ActiveCfg = Release|Any CPU
		{B516B5F7-DBC0-4DEE-9F86-3EDD258E9B05}.Release|Any CPU.Build.0 = Release|Any CPU
		{052951CA-1CCB-4430-B794-4D8E49FD853F}.Debug|Any CPU.ActiveCfg = Debug|Any CPU
		{052951CA-1CCB-4430-B794-4D8E49FD853F}.Debug|Any CPU.Build.0 = Debug|Any CPU
		{052951CA-1CCB-4430-B794-4D8E49FD853F}.Release|Any CPU.ActiveCfg = Release|Any CPU
		{052951CA-1CCB-4430-B794-4D8E49FD853F}.Release|Any CPU.Build.0 = Release|Any CPU
		{6CAD9CB5-9549-4F44-A66C-5E8B1D55F22E}.Debug|Any CPU.ActiveCfg = Debug|Any CPU
		{6CAD9CB5-9549-4F44-A66C-5E8B1D55F22E}.Debug|Any CPU.Build.0 = Debug|Any CPU
		{6CAD9CB5-9549-4F44-A66C-5E8B1D55F22E}.Release|Any CPU.ActiveCfg = Release|Any CPU
		{6CAD9CB5-9549-4F44-A66C-5E8B1D55F22E}.Release|Any CPU.Build.0 = Release|Any CPU
		{D07F3170-7A52-493B-9A35-3875C2D834A9}.Debug|Any CPU.ActiveCfg = Debug|Any CPU
		{D07F3170-7A52-493B-9A35-3875C2D834A9}.Debug|Any CPU.Build.0 = Debug|Any CPU
		{D07F3170-7A52-493B-9A35-3875C2D834A9}.Release|Any CPU.ActiveCfg = Release|Any CPU
		{D07F3170-7A52-493B-9A35-3875C2D834A9}.Release|Any CPU.Build.0 = Release|Any CPU
		{38588300-33DF-457A-936A-D0D0CA499E96}.Debug|Any CPU.ActiveCfg = Debug|Any CPU
		{38588300-33DF-457A-936A-D0D0CA499E96}.Debug|Any CPU.Build.0 = Debug|Any CPU
		{38588300-33DF-457A-936A-D0D0CA499E96}.Release|Any CPU.ActiveCfg = Release|Any CPU
		{38588300-33DF-457A-936A-D0D0CA499E96}.Release|Any CPU.Build.0 = Release|Any CPU
		{D674DF1F-6438-48E3-82F3-B193E59396ED}.Debug|Any CPU.ActiveCfg = Debug|Any CPU
		{D674DF1F-6438-48E3-82F3-B193E59396ED}.Debug|Any CPU.Build.0 = Debug|Any CPU
		{D674DF1F-6438-48E3-82F3-B193E59396ED}.Release|Any CPU.ActiveCfg = Release|Any CPU
		{D674DF1F-6438-48E3-82F3-B193E59396ED}.Release|Any CPU.Build.0 = Release|Any CPU
		{84B4C496-6BA2-4044-8878-D4493402600C}.Debug|Any CPU.ActiveCfg = Debug|Any CPU
		{84B4C496-6BA2-4044-8878-D4493402600C}.Debug|Any CPU.Build.0 = Debug|Any CPU
		{84B4C496-6BA2-4044-8878-D4493402600C}.Release|Any CPU.ActiveCfg = Release|Any CPU
		{84B4C496-6BA2-4044-8878-D4493402600C}.Release|Any CPU.Build.0 = Release|Any CPU
		{70F72616-3F21-401C-803B-C93FEC517D73}.Debug|Any CPU.ActiveCfg = Debug|Any CPU
		{70F72616-3F21-401C-803B-C93FEC517D73}.Debug|Any CPU.Build.0 = Debug|Any CPU
		{70F72616-3F21-401C-803B-C93FEC517D73}.Release|Any CPU.ActiveCfg = Release|Any CPU
		{70F72616-3F21-401C-803B-C93FEC517D73}.Release|Any CPU.Build.0 = Release|Any CPU
		{6DF64E82-CDD7-450F-B023-A90FA2C6ECD8}.Debug|Any CPU.ActiveCfg = Debug|Any CPU
		{6DF64E82-CDD7-450F-B023-A90FA2C6ECD8}.Debug|Any CPU.Build.0 = Debug|Any CPU
		{6DF64E82-CDD7-450F-B023-A90FA2C6ECD8}.Release|Any CPU.ActiveCfg = Release|Any CPU
		{6DF64E82-CDD7-450F-B023-A90FA2C6ECD8}.Release|Any CPU.Build.0 = Release|Any CPU
		{08EFFF76-A5D1-4C39-972D-D9C85BDED80F}.Debug|Any CPU.ActiveCfg = Debug|Any CPU
		{08EFFF76-A5D1-4C39-972D-D9C85BDED80F}.Debug|Any CPU.Build.0 = Debug|Any CPU
		{08EFFF76-A5D1-4C39-972D-D9C85BDED80F}.Release|Any CPU.ActiveCfg = Release|Any CPU
		{08EFFF76-A5D1-4C39-972D-D9C85BDED80F}.Release|Any CPU.Build.0 = Release|Any CPU
		{C78CDB3F-F78A-4C17-B5C8-E2E88A0A5947}.Debug|Any CPU.ActiveCfg = Debug|Any CPU
		{C78CDB3F-F78A-4C17-B5C8-E2E88A0A5947}.Debug|Any CPU.Build.0 = Debug|Any CPU
		{C78CDB3F-F78A-4C17-B5C8-E2E88A0A5947}.Release|Any CPU.ActiveCfg = Release|Any CPU
		{C78CDB3F-F78A-4C17-B5C8-E2E88A0A5947}.Release|Any CPU.Build.0 = Release|Any CPU
		{44ED0964-B373-4EC6-8B56-FB286282AFCF}.Debug|Any CPU.ActiveCfg = Debug|Any CPU
		{44ED0964-B373-4EC6-8B56-FB286282AFCF}.Debug|Any CPU.Build.0 = Debug|Any CPU
		{44ED0964-B373-4EC6-8B56-FB286282AFCF}.Release|Any CPU.ActiveCfg = Release|Any CPU
		{44ED0964-B373-4EC6-8B56-FB286282AFCF}.Release|Any CPU.Build.0 = Release|Any CPU
		{5FEB6CB3-68C9-4E06-814B-C071743BF5A2}.Debug|Any CPU.ActiveCfg = Debug|Any CPU
		{5FEB6CB3-68C9-4E06-814B-C071743BF5A2}.Debug|Any CPU.Build.0 = Debug|Any CPU
		{5FEB6CB3-68C9-4E06-814B-C071743BF5A2}.Release|Any CPU.ActiveCfg = Release|Any CPU
		{5FEB6CB3-68C9-4E06-814B-C071743BF5A2}.Release|Any CPU.Build.0 = Release|Any CPU
		{B27EF7EF-6F4B-462F-96CC-A64EA0E82AD2}.Debug|Any CPU.ActiveCfg = Debug|Any CPU
		{B27EF7EF-6F4B-462F-96CC-A64EA0E82AD2}.Debug|Any CPU.Build.0 = Debug|Any CPU
		{B27EF7EF-6F4B-462F-96CC-A64EA0E82AD2}.Release|Any CPU.ActiveCfg = Release|Any CPU
		{B27EF7EF-6F4B-462F-96CC-A64EA0E82AD2}.Release|Any CPU.Build.0 = Release|Any CPU
		{62F00CF1-9EDC-4597-B902-8BBACBE5D625}.Debug|Any CPU.ActiveCfg = Debug|Any CPU
		{62F00CF1-9EDC-4597-B902-8BBACBE5D625}.Debug|Any CPU.Build.0 = Debug|Any CPU
		{62F00CF1-9EDC-4597-B902-8BBACBE5D625}.Release|Any CPU.ActiveCfg = Release|Any CPU
		{62F00CF1-9EDC-4597-B902-8BBACBE5D625}.Release|Any CPU.Build.0 = Release|Any CPU
		{9F1487B4-652F-4A16-A32D-85AAF0C73C5F}.Debug|Any CPU.ActiveCfg = Debug|Any CPU
		{9F1487B4-652F-4A16-A32D-85AAF0C73C5F}.Debug|Any CPU.Build.0 = Debug|Any CPU
		{9F1487B4-652F-4A16-A32D-85AAF0C73C5F}.Release|Any CPU.ActiveCfg = Release|Any CPU
		{9F1487B4-652F-4A16-A32D-85AAF0C73C5F}.Release|Any CPU.Build.0 = Release|Any CPU
		{2251A6F7-8947-4DF4-827E-43BB96C85DC5}.Debug|Any CPU.ActiveCfg = Debug|Any CPU
		{2251A6F7-8947-4DF4-827E-43BB96C85DC5}.Debug|Any CPU.Build.0 = Debug|Any CPU
		{2251A6F7-8947-4DF4-827E-43BB96C85DC5}.Release|Any CPU.ActiveCfg = Release|Any CPU
		{2251A6F7-8947-4DF4-827E-43BB96C85DC5}.Release|Any CPU.Build.0 = Release|Any CPU
		{9BA37B3B-3086-46CB-85EC-2683F35FF315}.Debug|Any CPU.ActiveCfg = Debug|Any CPU
		{9BA37B3B-3086-46CB-85EC-2683F35FF315}.Debug|Any CPU.Build.0 = Debug|Any CPU
		{9BA37B3B-3086-46CB-85EC-2683F35FF315}.Release|Any CPU.ActiveCfg = Release|Any CPU
		{9BA37B3B-3086-46CB-85EC-2683F35FF315}.Release|Any CPU.Build.0 = Release|Any CPU
		{47A46432-15CD-4697-A024-1ED7976B7481}.Debug|Any CPU.ActiveCfg = Debug|Any CPU
		{47A46432-15CD-4697-A024-1ED7976B7481}.Debug|Any CPU.Build.0 = Debug|Any CPU
		{47A46432-15CD-4697-A024-1ED7976B7481}.Release|Any CPU.ActiveCfg = Release|Any CPU
		{47A46432-15CD-4697-A024-1ED7976B7481}.Release|Any CPU.Build.0 = Release|Any CPU
		{325FFD07-7491-45C3-86F3-85F7DEF4C726}.Debug|Any CPU.ActiveCfg = Debug|Any CPU
		{325FFD07-7491-45C3-86F3-85F7DEF4C726}.Debug|Any CPU.Build.0 = Debug|Any CPU
		{325FFD07-7491-45C3-86F3-85F7DEF4C726}.Release|Any CPU.ActiveCfg = Release|Any CPU
		{325FFD07-7491-45C3-86F3-85F7DEF4C726}.Release|Any CPU.Build.0 = Release|Any CPU
		{A10EB27E-6444-44AD-B5FB-2C8F96C04225}.Debug|Any CPU.ActiveCfg = Debug|Any CPU
		{A10EB27E-6444-44AD-B5FB-2C8F96C04225}.Debug|Any CPU.Build.0 = Debug|Any CPU
		{A10EB27E-6444-44AD-B5FB-2C8F96C04225}.Release|Any CPU.ActiveCfg = Release|Any CPU
		{A10EB27E-6444-44AD-B5FB-2C8F96C04225}.Release|Any CPU.Build.0 = Release|Any CPU
		{C9B634F0-22D3-4C11-A0B8-C6E5F6CD080B}.Debug|Any CPU.ActiveCfg = Debug|Any CPU
		{C9B634F0-22D3-4C11-A0B8-C6E5F6CD080B}.Debug|Any CPU.Build.0 = Debug|Any CPU
		{C9B634F0-22D3-4C11-A0B8-C6E5F6CD080B}.Release|Any CPU.ActiveCfg = Release|Any CPU
		{C9B634F0-22D3-4C11-A0B8-C6E5F6CD080B}.Release|Any CPU.Build.0 = Release|Any CPU
		{FE288DE4-07AF-4D94-82B6-61169BB407B1}.Debug|Any CPU.ActiveCfg = Debug|Any CPU
		{FE288DE4-07AF-4D94-82B6-61169BB407B1}.Debug|Any CPU.Build.0 = Debug|Any CPU
		{FE288DE4-07AF-4D94-82B6-61169BB407B1}.Release|Any CPU.ActiveCfg = Release|Any CPU
		{FE288DE4-07AF-4D94-82B6-61169BB407B1}.Release|Any CPU.Build.0 = Release|Any CPU
	EndGlobalSection
	GlobalSection(SolutionProperties) = preSolution
		HideSolutionNode = FALSE
	EndGlobalSection
EndGlobal
