
Microsoft Visual Studio Solution File, Format Version 12.00
# Visual Studio 14
VisualStudioVersion = 14.0.24720.0
MinimumVisualStudioVersion = 10.0.40219.1
Project("{FAE04EC0-301F-11D3-BF4B-00C04F79EFBC}") = "IRAP.MethodParamCollect.Service", "IRAP.MethodParamCollect.Service\IRAP.MethodParamCollect.Service.csproj", "{AD772967-9FF7-4386-A9CC-3F3E0117B5D7}"
EndProject
Project("{FAE04EC0-301F-11D3-BF4B-00C04F79EFBC}") = "IRAP.Global", "..\Global\IRAP.Global\IRAP.Global.csproj", "{325FFD07-7491-45C3-86F3-85F7DEF4C726}"
EndProject
Project("{FAE04EC0-301F-11D3-BF4B-00C04F79EFBC}") = "IRAP.Entities", "IRAP.Entities\IRAP.Entities\IRAP.Entities.csproj", "{A10EB27E-6444-44AD-B5FB-2C8F96C04225}"
EndProject
Project("{FAE04EC0-301F-11D3-BF4B-00C04F79EFBC}") = "IRAPShared", "..\Global\IRAPShared\IRAPShared.csproj", "{AF165361-FE05-4CC9-9D94-CA98C4A74AB0}"
EndProject
Project("{FAE04EC0-301F-11D3-BF4B-00C04F79EFBC}") = "IRAPORM", "IRAPORM\IRAPORM.csproj", "{954DEBC1-2FEC-4B7B-B32D-25287E1DF873}"
EndProject
Global
	GlobalSection(SubversionScc) = preSolution
		Svn-Managed = True
		Manager = AnkhSVN - Subversion Support for Visual Studio
	EndGlobalSection
	GlobalSection(SolutionConfigurationPlatforms) = preSolution
		Debug|Any CPU = Debug|Any CPU
		Release|Any CPU = Release|Any CPU
	EndGlobalSection
	GlobalSection(ProjectConfigurationPlatforms) = postSolution
		{AD772967-9FF7-4386-A9CC-3F3E0117B5D7}.Debug|Any CPU.ActiveCfg = Debug|Any CPU
		{AD772967-9FF7-4386-A9CC-3F3E0117B5D7}.Debug|Any CPU.Build.0 = Debug|Any CPU
		{AD772967-9FF7-4386-A9CC-3F3E0117B5D7}.Release|Any CPU.ActiveCfg = Release|Any CPU
		{AD772967-9FF7-4386-A9CC-3F3E0117B5D7}.Release|Any CPU.Build.0 = Release|Any CPU
		{325FFD07-7491-45C3-86F3-85F7DEF4C726}.Debug|Any CPU.ActiveCfg = Debug|Any CPU
		{325FFD07-7491-45C3-86F3-85F7DEF4C726}.Debug|Any CPU.Build.0 = Debug|Any CPU
		{325FFD07-7491-45C3-86F3-85F7DEF4C726}.Release|Any CPU.ActiveCfg = Release|Any CPU
		{325FFD07-7491-45C3-86F3-85F7DEF4C726}.Release|Any CPU.Build.0 = Release|Any CPU
		{A10EB27E-6444-44AD-B5FB-2C8F96C04225}.Debug|Any CPU.ActiveCfg = Debug|Any CPU
		{A10EB27E-6444-44AD-B5FB-2C8F96C04225}.Debug|Any CPU.Build.0 = Debug|Any CPU
		{A10EB27E-6444-44AD-B5FB-2C8F96C04225}.Release|Any CPU.ActiveCfg = Release|Any CPU
		{A10EB27E-6444-44AD-B5FB-2C8F96C04225}.Release|Any CPU.Build.0 = Release|Any CPU
		{AF165361-FE05-4CC9-9D94-CA98C4A74AB0}.Debug|Any CPU.ActiveCfg = Debug|Any CPU
		{AF165361-FE05-4CC9-9D94-CA98C4A74AB0}.Debug|Any CPU.Build.0 = Debug|Any CPU
		{AF165361-FE05-4CC9-9D94-CA98C4A74AB0}.Release|Any CPU.ActiveCfg = Release|Any CPU
		{AF165361-FE05-4CC9-9D94-CA98C4A74AB0}.Release|Any CPU.Build.0 = Release|Any CPU
		{954DEBC1-2FEC-4B7B-B32D-25287E1DF873}.Debug|Any CPU.ActiveCfg = Debug|Any CPU
		{954DEBC1-2FEC-4B7B-B32D-25287E1DF873}.Debug|Any CPU.Build.0 = Debug|Any CPU
		{954DEBC1-2FEC-4B7B-B32D-25287E1DF873}.Release|Any CPU.ActiveCfg = Release|Any CPU
		{954DEBC1-2FEC-4B7B-B32D-25287E1DF873}.Release|Any CPU.Build.0 = Release|Any CPU
	EndGlobalSection
	GlobalSection(SolutionProperties) = preSolution
		HideSolutionNode = FALSE
	EndGlobalSection
EndGlobal
