
Microsoft Visual Studio Solution File, Format Version 12.00
# Visual Studio 14
VisualStudioVersion = 14.0.24720.0
MinimumVisualStudioVersion = 10.0.40219.1
Project("{FAE04EC0-301F-11D3-BF4B-00C04F79EFBC}") = "IRAP.Server.Host", "IRAP.Server.Host\IRAP.Server.Host.csproj", "{C52CA7A1-74B9-4883-BD88-F4C5797D4B55}"
EndProject
Project("{FAE04EC0-301F-11D3-BF4B-00C04F79EFBC}") = "IRAPORM", "IRAPORM\IRAPORM.csproj", "{954DEBC1-2FEC-4B7B-B32D-25287E1DF873}"
EndProject
Project("{FAE04EC0-301F-11D3-BF4B-00C04F79EFBC}") = "IRAP.Global", "..\Global\IRAP.Global\IRAP.Global.csproj", "{325FFD07-7491-45C3-86F3-85F7DEF4C726}"
EndProject
Global
	GlobalSection(SolutionConfigurationPlatforms) = preSolution
		Debug|Any CPU = Debug|Any CPU
		Release|Any CPU = Release|Any CPU
	EndGlobalSection
	GlobalSection(ProjectConfigurationPlatforms) = postSolution
		{C52CA7A1-74B9-4883-BD88-F4C5797D4B55}.Debug|Any CPU.ActiveCfg = Debug|Any CPU
		{C52CA7A1-74B9-4883-BD88-F4C5797D4B55}.Debug|Any CPU.Build.0 = Debug|Any CPU
		{C52CA7A1-74B9-4883-BD88-F4C5797D4B55}.Release|Any CPU.ActiveCfg = Release|Any CPU
		{C52CA7A1-74B9-4883-BD88-F4C5797D4B55}.Release|Any CPU.Build.0 = Release|Any CPU
		{954DEBC1-2FEC-4B7B-B32D-25287E1DF873}.Debug|Any CPU.ActiveCfg = Debug|Any CPU
		{954DEBC1-2FEC-4B7B-B32D-25287E1DF873}.Debug|Any CPU.Build.0 = Debug|Any CPU
		{954DEBC1-2FEC-4B7B-B32D-25287E1DF873}.Release|Any CPU.ActiveCfg = Release|Any CPU
		{954DEBC1-2FEC-4B7B-B32D-25287E1DF873}.Release|Any CPU.Build.0 = Release|Any CPU
		{325FFD07-7491-45C3-86F3-85F7DEF4C726}.Debug|Any CPU.ActiveCfg = Debug|Any CPU
		{325FFD07-7491-45C3-86F3-85F7DEF4C726}.Debug|Any CPU.Build.0 = Debug|Any CPU
		{325FFD07-7491-45C3-86F3-85F7DEF4C726}.Release|Any CPU.ActiveCfg = Release|Any CPU
		{325FFD07-7491-45C3-86F3-85F7DEF4C726}.Release|Any CPU.Build.0 = Release|Any CPU
	EndGlobalSection
	GlobalSection(SolutionProperties) = preSolution
		HideSolutionNode = FALSE
	EndGlobalSection
EndGlobal
